<?xml version="1.0" encoding="utf-8"?>
<Project ToolsVersion="4.0" xmlns="http://schemas.microsoft.com/developer/msbuild/2003">
  <ItemGroup>
    <Filter Include="ps">
      <UniqueIdentifier>{67DA6AB6-F800-4c08-8B7A-83BB121AAD01}</UniqueIdentifier>
      <Extensions>rc;ico;cur;bmp;dlg;rc2;rct;bin;rgs;gif;jpg;jpeg;jpe;resx;tiff;tif;png;wav;mfcribbon-ms</Extensions>
    </Filter>
    <Filter Include="vs">
      <UniqueIdentifier>{93995380-89BD-4b04-88EB-625FBE52EBFB}</UniqueIdentifier>
      <Extensions>h;hh;hpp;hxx;hm;inl;inc;ipp;xsd</Extensions>
    </Filter>
    <Filter Include="hf">
      <UniqueIdentifier>{51fa7c58-692b-4ba9-86c2-575fcaece361}</UniqueIdentifier>
    </Filter>
    <Filter Include="GPUMapping">
      <UniqueIdentifier>{d01c5e4d-7bdf-482d-96e7-91ca5f45835c}</UniqueIdentifier>
    </Filter>
    <Filter Include="cs">
      <UniqueIdentifier>{6368279f-f2de-4593-9047-3876ef1675b7}</UniqueIdentifier>
    </Filter>
    <Filter Include="hs">
      <UniqueIdentifier>{f9516714-e351-4772-ab14-79bf87434f64}</UniqueIdentifier>
    </Filter>
    <Filter Include="ds">
      <UniqueIdentifier>{2da8f1ba-f179-415c-8b55-635bc7408cd1}</UniqueIdentifier>
    </Filter>
  </ItemGroup>
  <ItemGroup>
    <FxCompile Include="cs\toneMapping.hlsl">
      <Filter>cs</Filter>
    </FxCompile>
    <FxCompile Include="cs\mipmapGenerate.hlsl">
      <Filter>cs</Filter>
    </FxCompile>
    <FxCompile Include="vs\imageVS.hlsl">
      <Filter>vs</Filter>
    </FxCompile>
    <FxCompile Include="vs\objectVS.hlsl">
      <Filter>vs</Filter>
    </FxCompile>
    <FxCompile Include="vs\screenVS.hlsl">
      <Filter>vs</Filter>
    </FxCompile>
    <FxCompile Include="ps\imagePS.hlsl">
      <Filter>ps</Filter>
    </FxCompile>
    <FxCompile Include="ps\objectForwardPS.hlsl">
      <Filter>ps</Filter>
    </FxCompile>
    <FxCompile Include="ps\screenPS.hlsl">
      <Filter>ps</Filter>
    </FxCompile>
    <FxCompile Include="cs\fxaaCS.hlsl">
      <Filter>cs</Filter>
    </FxCompile>
    <FxCompile Include="vs\shadowVS.hlsl">
      <Filter>vs</Filter>
    </FxCompile>
    <FxCompile Include="vs\terrainVS.hlsl">
      <Filter>vs</Filter>
    </FxCompile>
    <FxCompile Include="ps\terrainPS.hlsl">
      <Filter>ps</Filter>
    </FxCompile>
    <FxCompile Include="hs\terrainHS.hlsl">
      <Filter>hs</Filter>
    </FxCompile>
    <FxCompile Include="ds\terrainDS.hlsl">
      <Filter>ds</Filter>
    </FxCompile>
  </ItemGroup>
  <ItemGroup>
    <None Include="hf\objectInput.hlsli">
      <Filter>hf</Filter>
    </None>
    <None Include="hf\objectHF.hlsli">
      <Filter>hf</Filter>
    </None>
    <None Include="hf\brdf.hlsli">
      <Filter>hf</Filter>
    </None>
    <None Include="hf\fullScreenHF.hlsli">
      <Filter>hf</Filter>
    </None>
    <None Include="hf\global.hlsli">
      <Filter>hf</Filter>
    </None>
    <None Include="hf\lightingHF.hlsli">
      <Filter>hf</Filter>
    </None>
    <None Include="hf\imageHF.hlsli">
      <Filter>hf</Filter>
    </None>
    <None Include="hf\nvidiaFxaa.hlsli">
      <Filter>hf</Filter>
    </None>
  </ItemGroup>
  <ItemGroup>
    <ClInclude Include="hf\shaderInterop.h">
      <Filter>GPUMapping</Filter>
    </ClInclude>
    <ClInclude Include="hf\shaderDefine.h">
      <Filter>GPUMapping</Filter>
    </ClInclude>
    <ClInclude Include="hf\shaderInteropRender.h">
      <Filter>GPUMapping</Filter>
    </ClInclude>
  </ItemGroup>
</Project>