<?xml version="1.0" encoding="utf-8"?>
<Project ToolsVersion="4.0" xmlns="http://schemas.microsoft.com/developer/msbuild/2003">
  <ItemGroup>
    <ClCompile Include="main.cpp" />
    <ClCompile Include="window.cpp" />
    <ClCompile Include="gameComponent.cpp" />
  </ItemGroup>
  <ItemGroup>
    <Filter Include="game">
      <UniqueIdentifier>{c6578c8f-fa12-4b50-8fc2-ec6683d84cad}</UniqueIdentifier>
    </Filter>
    <Filter Include="entity">
      <UniqueIdentifier>{fb277a15-6b57-43a0-8792-dd24c36ebd11}</UniqueIdentifier>
    </Filter>
    <Filter Include="scripts">
      <UniqueIdentifier>{9c723403-b9c4-41a2-9982-dd81e044b2eb}</UniqueIdentifier>
    </Filter>
    <Filter Include="scripts\common">
      <UniqueIdentifier>{e02e7709-d7f2-49b0-8447-4de5408431a7}</UniqueIdentifier>
    </Filter>
    <Filter Include="editor">
      <UniqueIdentifier>{761866ae-6fe1-4e40-94af-0863f455b545}</UniqueIdentifier>
    </Filter>
  </ItemGroup>
  <ItemGroup>
    <ClInclude Include="window.h" />
    <ClInclude Include="gameComponent.h" />
  </ItemGroup>
  <ItemGroup>
    <None Include="..\Assets\Scripts\main.lua">
      <Filter>scripts</Filter>
    </None>
    <None Include="..\Assets\Scripts\common\common.lua">
      <Filter>scripts\common</Filter>
    </None>
  </ItemGroup>
</Project>