<?xml version="1.0" encoding="utf-8"?>
<Project ToolsVersion="4.0" xmlns="http://schemas.microsoft.com/developer/msbuild/2003">
  <ItemGroup>
    <ClCompile Include="main\main.cpp">
      <Filter>main</Filter>
    </ClCompile>
    <ClCompile Include="editor\guiEditorLight.cpp">
      <Filter>editor</Filter>
    </ClCompile>
    <ClCompile Include="editor\guiEditorProfier.cpp">
      <Filter>editor</Filter>
    </ClCompile>
    <ClCompile Include="editor\guiEditor.cpp">
      <Filter>editor</Filter>
    </ClCompile>
    <ClCompile Include="editor\guiEditorScene.cpp">
      <Filter>editor</Filter>
    </ClCompile>
    <ClCompile Include="editor\guiEditorGUI.cpp">
      <Filter>editor</Filter>
    </ClCompile>
    <ClCompile Include="test\guiTest.cpp">
      <Filter>test</Filter>
    </ClCompile>
    <ClCompile Include="editor\guiEditorAnimation.cpp">
      <Filter>editor</Filter>
    </ClCompile>
    <ClCompile Include="editor\guiEditorRender.cpp">
      <Filter>editor</Filter>
    </ClCompile>
    <ClCompile Include="editor\guiEditorHierarchy.cpp">
      <Filter>editor</Filter>
    </ClCompile>
    <ClCompile Include="editor\guiEditorObject.cpp">
      <Filter>editor</Filter>
    </ClCompile>
    <ClCompile Include="editor\guiEditorMaterial.cpp">
      <Filter>editor</Filter>
    </ClCompile>
    <ClCompile Include="editor\guiEditorTerrain.cpp">
      <Filter>editor</Filter>
    </ClCompile>
    <ClCompile Include="editor\guiEditorSound.cpp">
      <Filter>editor</Filter>
    </ClCompile>
    <ClCompile Include="editor\gameEditor.cpp">
      <Filter>editor</Filter>
    </ClCompile>
    <ClCompile Include="game\game.cpp">
      <Filter>game</Filter>
    </ClCompile>
  </ItemGroup>
  <ItemGroup>
    <Filter Include="game">
      <UniqueIdentifier>{c6578c8f-fa12-4b50-8fc2-ec6683d84cad}</UniqueIdentifier>
    </Filter>
    <Filter Include="scripts">
      <UniqueIdentifier>{9c723403-b9c4-41a2-9982-dd81e044b2eb}</UniqueIdentifier>
    </Filter>
    <Filter Include="scripts\common">
      <UniqueIdentifier>{e02e7709-d7f2-49b0-8447-4de5408431a7}</UniqueIdentifier>
    </Filter>
    <Filter Include="editor">
      <UniqueIdentifier>{761866ae-6fe1-4e40-94af-0863f455b545}</UniqueIdentifier>
    </Filter>
    <Filter Include="main">
      <UniqueIdentifier>{acfb683a-457b-42ef-ac12-9c9ceaeaf211}</UniqueIdentifier>
    </Filter>
    <Filter Include="definitions">
      <UniqueIdentifier>{1a1b3995-17d9-4a1c-8628-b1b958915558}</UniqueIdentifier>
    </Filter>
    <Filter Include="test">
      <UniqueIdentifier>{935d5c86-d440-4c29-b608-a4e337f4539b}</UniqueIdentifier>
    </Filter>
    <Filter Include="game\lua">
      <UniqueIdentifier>{95113948-085c-49a4-b06b-293d5e139d51}</UniqueIdentifier>
    </Filter>
  </ItemGroup>
  <ItemGroup>
    <ClInclude Include="editor\guiEditorLight.h">
      <Filter>editor</Filter>
    </ClInclude>
    <ClInclude Include="editor\guiEditorProfier.h">
      <Filter>editor</Filter>
    </ClInclude>
    <ClInclude Include="editor\guiEditor.h">
      <Filter>editor</Filter>
    </ClInclude>
    <ClInclude Include="definitions\definitions.h">
      <Filter>definitions</Filter>
    </ClInclude>
    <ClInclude Include="editor\guiEditorScene.h">
      <Filter>editor</Filter>
    </ClInclude>
    <ClInclude Include="editor\guiEditorGUI.h">
      <Filter>editor</Filter>
    </ClInclude>
    <ClInclude Include="test\guiTest.h">
      <Filter>test</Filter>
    </ClInclude>
    <ClInclude Include="editor\guiEditorAnimation.h">
      <Filter>editor</Filter>
    </ClInclude>
    <ClInclude Include="editor\guiEditorRender.h">
      <Filter>editor</Filter>
    </ClInclude>
    <ClInclude Include="editor\guiEditorHierarchy.h">
      <Filter>editor</Filter>
    </ClInclude>
    <ClInclude Include="editor\guiEditorObject.h">
      <Filter>editor</Filter>
    </ClInclude>
    <ClInclude Include="editor\guiEditorInclude.h">
      <Filter>editor</Filter>
    </ClInclude>
    <ClInclude Include="editor\guiEditorMaterial.h">
      <Filter>editor</Filter>
    </ClInclude>
    <ClInclude Include="editor\guiEditorTerrain.h">
      <Filter>editor</Filter>
    </ClInclude>
    <ClInclude Include="editor\guiEditorSound.h">
      <Filter>editor</Filter>
    </ClInclude>
    <ClInclude Include="editor\gameEditor.h">
      <Filter>editor</Filter>
    </ClInclude>
    <ClInclude Include="game\game.h">
      <Filter>game</Filter>
    </ClInclude>
    <ClInclude Include="game\gameGlobal.h">
      <Filter>game</Filter>
    </ClInclude>
  </ItemGroup>
  <ItemGroup>
    <None Include="..\Assets\Scripts\main.lua">
      <Filter>scripts</Filter>
    </None>
    <None Include="..\Assets\Scripts\common\common.lua">
      <Filter>scripts\common</Filter>
    </None>
    <None Include="postcompile.bat" />
    <None Include="..\Assets\Scripts\scene.lua">
      <Filter>scripts</Filter>
    </None>
  </ItemGroup>
</Project>