
Microsoft Visual Studio Solution File, Format Version 12.00
# Visual Studio 15
VisualStudioVersion = 15.0.27703.2035
MinimumVisualStudioVersion = 10.0.40219.1
Project("{8BC9CEB8-8B4A-11D0-8D11-00A0C91BC942}") = "Cjing3D", "Cjing3D\Cjing3D.vcxproj", "{B0A02590-E94E-4CAE-8DDA-CD8758E91C04}"
	ProjectSection(ProjectDependencies) = postProject
		{B0653A50-2C3E-4847-AB79-3A7706EF90F4} = {B0653A50-2C3E-4847-AB79-3A7706EF90F4}
	EndProjectSection
EndProject
Project("{8BC9CEB8-8B4A-11D0-8D11-00A0C91BC942}") = "Game", "Game\Game.vcxproj", "{08AAC5DE-2886-499B-A8B4-878FB69D1A8D}"
	ProjectSection(ProjectDependencies) = postProject
		{B0653A50-2C3E-4847-AB79-3A7706EF90F4} = {B0653A50-2C3E-4847-AB79-3A7706EF90F4}
		{B0A02590-E94E-4CAE-8DDA-CD8758E91C04} = {B0A02590-E94E-4CAE-8DDA-CD8758E91C04}
	EndProjectSection
EndProject
Project("{8BC9CEB8-8B4A-11D0-8D11-00A0C91BC942}") = "Shader", "Shader\Shader.vcxproj", "{B0653A50-2C3E-4847-AB79-3A7706EF90F4}"
EndProject
Global
	GlobalSection(SolutionConfigurationPlatforms) = preSolution
		Debug|x64 = Debug|x64
		Debug|x86 = Debug|x86
		Release|x64 = Release|x64
		Release|x86 = Release|x86
	EndGlobalSection
	GlobalSection(ProjectConfigurationPlatforms) = postSolution
		{B0A02590-E94E-4CAE-8DDA-CD8758E91C04}.Debug|x64.ActiveCfg = Debug|x64
		{B0A02590-E94E-4CAE-8DDA-CD8758E91C04}.Debug|x64.Build.0 = Debug|x64
		{B0A02590-E94E-4CAE-8DDA-CD8758E91C04}.Debug|x86.ActiveCfg = Debug|Win32
		{B0A02590-E94E-4CAE-8DDA-CD8758E91C04}.Debug|x86.Build.0 = Debug|Win32
		{B0A02590-E94E-4CAE-8DDA-CD8758E91C04}.Release|x64.ActiveCfg = Debug|x64
		{B0A02590-E94E-4CAE-8DDA-CD8758E91C04}.Release|x64.Build.0 = Debug|x64
		{B0A02590-E94E-4CAE-8DDA-CD8758E91C04}.Release|x86.ActiveCfg = Release|Win32
		{B0A02590-E94E-4CAE-8DDA-CD8758E91C04}.Release|x86.Build.0 = Release|Win32
		{08AAC5DE-2886-499B-A8B4-878FB69D1A8D}.Debug|x64.ActiveCfg = Debug|x64
		{08AAC5DE-2886-499B-A8B4-878FB69D1A8D}.Debug|x64.Build.0 = Debug|x64
		{08AAC5DE-2886-499B-A8B4-878FB69D1A8D}.Debug|x86.ActiveCfg = Debug|Win32
		{08AAC5DE-2886-499B-A8B4-878FB69D1A8D}.Debug|x86.Build.0 = Debug|Win32
		{08AAC5DE-2886-499B-A8B4-878FB69D1A8D}.Release|x64.ActiveCfg = Debug|x64
		{08AAC5DE-2886-499B-A8B4-878FB69D1A8D}.Release|x64.Build.0 = Debug|x64
		{08AAC5DE-2886-499B-A8B4-878FB69D1A8D}.Release|x86.ActiveCfg = Release|Win32
		{08AAC5DE-2886-499B-A8B4-878FB69D1A8D}.Release|x86.Build.0 = Release|Win32
		{B0653A50-2C3E-4847-AB79-3A7706EF90F4}.Debug|x64.ActiveCfg = Debug|x64
		{B0653A50-2C3E-4847-AB79-3A7706EF90F4}.Debug|x64.Build.0 = Debug|x64
		{B0653A50-2C3E-4847-AB79-3A7706EF90F4}.Debug|x86.ActiveCfg = Debug|Win32
		{B0653A50-2C3E-4847-AB79-3A7706EF90F4}.Debug|x86.Build.0 = Debug|Win32
		{B0653A50-2C3E-4847-AB79-3A7706EF90F4}.Release|x64.ActiveCfg = Release|x64
		{B0653A50-2C3E-4847-AB79-3A7706EF90F4}.Release|x64.Build.0 = Release|x64
		{B0653A50-2C3E-4847-AB79-3A7706EF90F4}.Release|x86.ActiveCfg = Release|Win32
		{B0653A50-2C3E-4847-AB79-3A7706EF90F4}.Release|x86.Build.0 = Release|Win32
	EndGlobalSection
	GlobalSection(SolutionProperties) = preSolution
		HideSolutionNode = FALSE
	EndGlobalSection
	GlobalSection(ExtensibilityGlobals) = postSolution
		SolutionGuid = {92DCA4FC-264A-40E3-9227-4AFC413F5D4F}
	EndGlobalSection
EndGlobal
