<?xml version="1.0" encoding="utf-8"?>
<Project ToolsVersion="4.0" xmlns="http://schemas.microsoft.com/developer/msbuild/2003">
  <ItemGroup>
    <Filter Include="definitions">
      <UniqueIdentifier>{018843FD-6D3D-BCF2-F631-B6C962E6B2F6}</UniqueIdentifier>
    </Filter>
    <Filter Include="editor">
      <UniqueIdentifier>{AC2EC5FA-98D0-EFD0-818B-03256DCC7621}</UniqueIdentifier>
    </Filter>
    <Filter Include="editor\imgui">
      <UniqueIdentifier>{168DDC5E-02F0-6B03-AB75-A4B997B73786}</UniqueIdentifier>
    </Filter>
    <Filter Include="editor\imgui\src">
      <UniqueIdentifier>{2DE60466-19DF-23B8-4211-093D2E6903C4}</UniqueIdentifier>
    </Filter>
    <Filter Include="editor\widget">
      <UniqueIdentifier>{DF25CC5A-4BE6-4791-1421-910E80A08C6D}</UniqueIdentifier>
    </Filter>
    <Filter Include="main">
      <UniqueIdentifier>{6A7F9A7C-56B6-9B0D-FFA2-8110EBB8170F}</UniqueIdentifier>
    </Filter>
    <Filter Include="test">
      <UniqueIdentifier>{65689E7C-519F-9F0D-FA8B-8510E6A11B0F}</UniqueIdentifier>
    </Filter>
  </ItemGroup>
  <ItemGroup>
    <ClInclude Include="..\ThirdParty\imgui\imconfig.h">
      <Filter>editor\imgui\src</Filter>
    </ClInclude>
    <ClInclude Include="..\ThirdParty\imgui\imgui.h">
      <Filter>editor\imgui\src</Filter>
    </ClInclude>
    <ClInclude Include="..\ThirdParty\imgui\imgui_impl_win32.h">
      <Filter>editor\imgui\src</Filter>
    </ClInclude>
    <ClInclude Include="..\ThirdParty\imgui\imgui_internal.h">
      <Filter>editor\imgui\src</Filter>
    </ClInclude>
    <ClInclude Include="..\ThirdParty\imgui\imstb_rectpack.h">
      <Filter>editor\imgui\src</Filter>
    </ClInclude>
    <ClInclude Include="..\ThirdParty\imgui\imstb_textedit.h">
      <Filter>editor\imgui\src</Filter>
    </ClInclude>
    <ClInclude Include="..\ThirdParty\imgui\imstb_truetype.h">
      <Filter>editor\imgui\src</Filter>
    </ClInclude>
    <ClInclude Include="definitions\definitions.h">
      <Filter>definitions</Filter>
    </ClInclude>
    <ClInclude Include="editor\gameEditor.h">
      <Filter>editor</Filter>
    </ClInclude>
    <ClInclude Include="editor\guiEditor.h">
      <Filter>editor</Filter>
    </ClInclude>
    <ClInclude Include="editor\imgui\imguiRHI.h">
      <Filter>editor\imgui</Filter>
    </ClInclude>
    <ClInclude Include="editor\widget\guiEditorEntityList.h">
      <Filter>editor\widget</Filter>
    </ClInclude>
    <ClInclude Include="editor\widget\guiEditorHelper.h">
      <Filter>editor\widget</Filter>
    </ClInclude>
    <ClInclude Include="editor\widget\guiEditorInclude.h">
      <Filter>editor\widget</Filter>
    </ClInclude>
    <ClInclude Include="editor\widget\guiEditorMenuBar.h">
      <Filter>editor\widget</Filter>
    </ClInclude>
    <ClInclude Include="editor\widget\guiEditorProperties.h">
      <Filter>editor\widget</Filter>
    </ClInclude>
    <ClInclude Include="editor\widget\guiEditorToolbar.h">
      <Filter>editor\widget</Filter>
    </ClInclude>
    <ClInclude Include="editor\widget\guiEditorViewport.h">
      <Filter>editor\widget</Filter>
    </ClInclude>
    <ClInclude Include="editor\widget\guiEditorWidget.h">
      <Filter>editor\widget</Filter>
    </ClInclude>
    <ClInclude Include="test\guiTest.h">
      <Filter>test</Filter>
    </ClInclude>
    <ClInclude Include="test\testGame.h">
      <Filter>test</Filter>
    </ClInclude>
  </ItemGroup>
  <ItemGroup>
    <ClCompile Include="..\ThirdParty\imgui\imgui.cpp">
      <Filter>editor\imgui\src</Filter>
    </ClCompile>
    <ClCompile Include="..\ThirdParty\imgui\imgui_demo.cpp">
      <Filter>editor\imgui\src</Filter>
    </ClCompile>
    <ClCompile Include="..\ThirdParty\imgui\imgui_draw.cpp">
      <Filter>editor\imgui\src</Filter>
    </ClCompile>
    <ClCompile Include="..\ThirdParty\imgui\imgui_impl_win32.cpp">
      <Filter>editor\imgui\src</Filter>
    </ClCompile>
    <ClCompile Include="..\ThirdParty\imgui\imgui_widgets.cpp">
      <Filter>editor\imgui\src</Filter>
    </ClCompile>
    <ClCompile Include="editor\gameEditor.cpp">
      <Filter>editor</Filter>
    </ClCompile>
    <ClCompile Include="editor\guiEditor.cpp">
      <Filter>editor</Filter>
    </ClCompile>
    <ClCompile Include="editor\widget\guiEditorEntityList.cpp">
      <Filter>editor\widget</Filter>
    </ClCompile>
    <ClCompile Include="editor\widget\guiEditorHelper.cpp">
      <Filter>editor\widget</Filter>
    </ClCompile>
    <ClCompile Include="editor\widget\guiEditorMenuBar.cpp">
      <Filter>editor\widget</Filter>
    </ClCompile>
    <ClCompile Include="editor\widget\guiEditorProperties.cpp">
      <Filter>editor\widget</Filter>
    </ClCompile>
    <ClCompile Include="editor\widget\guiEditorToolbar.cpp">
      <Filter>editor\widget</Filter>
    </ClCompile>
    <ClCompile Include="editor\widget\guiEditorViewport.cpp">
      <Filter>editor\widget</Filter>
    </ClCompile>
    <ClCompile Include="editor\widget\guiEditorWidget.cpp">
      <Filter>editor\widget</Filter>
    </ClCompile>
    <ClCompile Include="main\main.cpp">
      <Filter>main</Filter>
    </ClCompile>
    <ClCompile Include="test\guiTest.cpp">
      <Filter>test</Filter>
    </ClCompile>
    <ClCompile Include="test\testGame.cpp">
      <Filter>test</Filter>
    </ClCompile>
  </ItemGroup>
</Project>