<?xml version="1.0" encoding="utf-8"?>
<Project ToolsVersion="4.0" xmlns="http://schemas.microsoft.com/developer/msbuild/2003">
  <ItemGroup>
    <Filter Include="core">
      <UniqueIdentifier>{93995380-89BD-4b04-88EB-625FBE52EBFB}</UniqueIdentifier>
      <Extensions>h;hh;hpp;hxx;hm;inl;inc;ipp;xsd</Extensions>
    </Filter>
    <Filter Include="renderer">
      <UniqueIdentifier>{1c5438a2-0632-44fc-833e-ddba1e051fd2}</UniqueIdentifier>
    </Filter>
    <Filter Include="common">
      <UniqueIdentifier>{f62268fb-302c-4224-8257-0896728c9b93}</UniqueIdentifier>
    </Filter>
    <Filter Include="utils">
      <UniqueIdentifier>{fe4bb653-0364-4114-b13f-1cb11a3fd883}</UniqueIdentifier>
    </Filter>
    <Filter Include="helper">
      <UniqueIdentifier>{ebce1040-5acf-412f-878a-2a6ac2d4b492}</UniqueIdentifier>
    </Filter>
    <Filter Include="renderer\rhi">
      <UniqueIdentifier>{804ea12d-9833-4ca4-81b0-5949f085ae4b}</UniqueIdentifier>
    </Filter>
    <Filter Include="renderer\rhi\d3d11">
      <UniqueIdentifier>{4700f898-3ca9-45f9-8e84-375e84855299}</UniqueIdentifier>
    </Filter>
    <Filter Include="resource">
      <UniqueIdentifier>{807e886c-a71a-42ec-bdcb-bbee389f4ea8}</UniqueIdentifier>
    </Filter>
    <Filter Include="resource\importer">
      <UniqueIdentifier>{58001ee6-99dc-456b-b56a-6f803a557fda}</UniqueIdentifier>
    </Filter>
    <Filter Include="scripts">
      <UniqueIdentifier>{bda65b4b-b51e-4eb6-aaa6-764b457d2ed2}</UniqueIdentifier>
    </Filter>
    <Filter Include="gui">
      <UniqueIdentifier>{289f993e-822d-49f7-b59f-511fe9b2fc6c}</UniqueIdentifier>
    </Filter>
    <Filter Include="system">
      <UniqueIdentifier>{001fdb9e-f2f6-43b6-beed-06ca29094e09}</UniqueIdentifier>
    </Filter>
    <Filter Include="system\component">
      <UniqueIdentifier>{4f8d85c3-1f5e-4e1c-95eb-16f9a7960f52}</UniqueIdentifier>
    </Filter>
    <Filter Include="system\systems">
      <UniqueIdentifier>{fac0c28b-8333-46a1-8f10-9a623abc1d1b}</UniqueIdentifier>
    </Filter>
    <Filter Include="scripts\binder">
      <UniqueIdentifier>{4662fa22-88b1-4c96-8480-2d829b5c4d1f}</UniqueIdentifier>
    </Filter>
    <Filter Include="scripts\lua">
      <UniqueIdentifier>{f255507f-089f-4c6f-8bb2-704143db939f}</UniqueIdentifier>
    </Filter>
    <Filter Include="scripts\api">
      <UniqueIdentifier>{d8003627-7d0e-42bd-a16a-08332589c07c}</UniqueIdentifier>
    </Filter>
    <Filter Include="input">
      <UniqueIdentifier>{00e7fb44-e761-460f-9b71-649a19a15b07}</UniqueIdentifier>
    </Filter>
    <Filter Include="renderer\paths">
      <UniqueIdentifier>{85d86095-fd43-455c-829c-50f748036545}</UniqueIdentifier>
    </Filter>
    <Filter Include="generates">
      <UniqueIdentifier>{95837ed7-6ef3-4928-afec-2cf455dcd6b3}</UniqueIdentifier>
    </Filter>
    <Filter Include="utils\tinyxml2">
      <UniqueIdentifier>{316d6612-6111-4237-9446-725bb86d82a6}</UniqueIdentifier>
    </Filter>
    <Filter Include="utils\optick">
      <UniqueIdentifier>{2222258e-268a-4308-9543-d23785027f6c}</UniqueIdentifier>
    </Filter>
    <Filter Include="utils\tinygltf">
      <UniqueIdentifier>{22c7c0b8-fb3c-48cd-984a-8c5435bd0638}</UniqueIdentifier>
    </Filter>
    <Filter Include="utils\json">
      <UniqueIdentifier>{279d324f-8fea-4bf5-9564-f5e482f90caa}</UniqueIdentifier>
    </Filter>
    <Filter Include="gui\guiEditor">
      <UniqueIdentifier>{1afb078f-fe5b-411a-9efc-e22e3f5c00db}</UniqueIdentifier>
    </Filter>
    <Filter Include="gui\guiEditor\imgui">
      <UniqueIdentifier>{89cc6ab1-2726-48b0-b20d-221e6e4329a9}</UniqueIdentifier>
    </Filter>
    <Filter Include="renderer\passes">
      <UniqueIdentifier>{5f37daed-16eb-4b11-9f21-4589de95b4ed}</UniqueIdentifier>
    </Filter>
    <Filter Include="renderer\passes\terrain">
      <UniqueIdentifier>{1c8f2cb5-f8f4-4fba-b3d5-05bb2fa02c44}</UniqueIdentifier>
    </Filter>
    <Filter Include="utils\allocator">
      <UniqueIdentifier>{4c67ba05-cb6d-4c14-b411-7543968eae4c}</UniqueIdentifier>
    </Filter>
    <Filter Include="utils\tlsf">
      <UniqueIdentifier>{b1ef336f-3f1b-4701-8a3c-a2b38b9dce3e}</UniqueIdentifier>
    </Filter>
    <Filter Include="utils\container">
      <UniqueIdentifier>{8493e0b2-8923-47f1-a0e4-968e650daace}</UniqueIdentifier>
    </Filter>
    <Filter Include="renderer\pipelineStates">
      <UniqueIdentifier>{642de6e7-1c44-4b3a-b558-21c6178ee6f2}</UniqueIdentifier>
    </Filter>
    <Filter Include="gui\guiCore">
      <UniqueIdentifier>{e62d1fda-9321-4229-a617-84af1c9c05cf}</UniqueIdentifier>
    </Filter>
    <Filter Include="gui\guiWidgets">
      <UniqueIdentifier>{bc7a284d-7f86-48ae-ae01-8734129f031b}</UniqueIdentifier>
    </Filter>
    <Filter Include="audio">
      <UniqueIdentifier>{904f1bc8-65fc-4722-a765-6f6b7e81189e}</UniqueIdentifier>
    </Filter>
    <Filter Include="audio\device">
      <UniqueIdentifier>{89e36919-ef9c-49e1-8cee-cb6ef76ce9ff}</UniqueIdentifier>
    </Filter>
    <Filter Include="utils\signal">
      <UniqueIdentifier>{0ec41af1-72f5-4e41-b58e-91c2306f2b26}</UniqueIdentifier>
    </Filter>
    <Filter Include="renderer\2D">
      <UniqueIdentifier>{d1da0dec-f5e0-420b-ade2-5316744cbf7d}</UniqueIdentifier>
    </Filter>
    <Filter Include="utils\thread">
      <UniqueIdentifier>{18589298-8313-4d4b-826a-65c902c587db}</UniqueIdentifier>
    </Filter>
    <Filter Include="utils\rectPacker">
      <UniqueIdentifier>{709f17da-7a9f-494a-b134-34b1180ac055}</UniqueIdentifier>
    </Filter>
    <Filter Include="utils\stb_utils">
      <UniqueIdentifier>{501f3a92-a105-46f6-9020-1fb8ee3ce238}</UniqueIdentifier>
    </Filter>
    <Filter Include="renderer\preset">
      <UniqueIdentifier>{850b745a-0e94-4574-80d9-e2a5b2378960}</UniqueIdentifier>
    </Filter>
    <Filter Include="renderer\preset\graphicsChild">
      <UniqueIdentifier>{10f40064-119a-4284-b204-4a95de426db0}</UniqueIdentifier>
    </Filter>
    <Filter Include="utils\string">
      <UniqueIdentifier>{31f4c37e-8304-4036-9f61-21a24d37bd5d}</UniqueIdentifier>
    </Filter>
    <Filter Include="gui\guiWidgets\layout">
      <UniqueIdentifier>{f7d0b891-f900-4583-bbbb-e72dd75269ff}</UniqueIdentifier>
    </Filter>
    <Filter Include="gui\guiAnimation">
      <UniqueIdentifier>{85384a10-a290-4162-9734-7cb72edf0e21}</UniqueIdentifier>
    </Filter>
    <Filter Include="platform">
      <UniqueIdentifier>{4e9e644e-9d1b-4fea-8625-73cc82937024}</UniqueIdentifier>
    </Filter>
    <Filter Include="platform\win32">
      <UniqueIdentifier>{7d271ea0-b108-44a9-966e-80998299b231}</UniqueIdentifier>
    </Filter>
    <Filter Include="utils\tween">
      <UniqueIdentifier>{e569ab70-750b-46dc-9afa-90e461d92f9e}</UniqueIdentifier>
    </Filter>
    <Filter Include="animation">
      <UniqueIdentifier>{bf5f259c-212e-499f-a15c-cc0eb634e765}</UniqueIdentifier>
    </Filter>
    <Filter Include="renderer\shader">
      <UniqueIdentifier>{d5be52c7-9ce2-4de1-ad47-24f29e400cc0}</UniqueIdentifier>
    </Filter>
    <Filter Include="renderer\passes\particle">
      <UniqueIdentifier>{4bef2df0-554f-435b-ad0c-0d5a11c71520}</UniqueIdentifier>
    </Filter>
  </ItemGroup>
  <ItemGroup>
    <ClCompile Include="engine.cpp" />
    <ClCompile Include="helper\logger.cpp">
      <Filter>helper</Filter>
    </ClCompile>
    <ClCompile Include="helper\debug.cpp">
      <Filter>helper</Filter>
    </ClCompile>
    <ClCompile Include="helper\stringID.cpp">
      <Filter>helper</Filter>
    </ClCompile>
    <ClCompile Include="core\gameComponent.cpp">
      <Filter>core</Filter>
    </ClCompile>
    <ClCompile Include="helper\profiler.cpp">
      <Filter>helper</Filter>
    </ClCompile>
    <ClCompile Include="helper\systemTime.cpp">
      <Filter>helper</Filter>
    </ClCompile>
    <ClCompile Include="helper\timer.cpp">
      <Filter>helper</Filter>
    </ClCompile>
    <ClCompile Include="helper\IDGenerator.cpp">
      <Filter>helper</Filter>
    </ClCompile>
    <ClCompile Include="renderer\renderer.cpp">
      <Filter>renderer</Filter>
    </ClCompile>
    <ClCompile Include="renderer\RHI\device.cpp">
      <Filter>renderer\rhi</Filter>
    </ClCompile>
    <ClCompile Include="renderer\RHI\swapChainD3D11.cpp">
      <Filter>renderer\rhi\d3d11</Filter>
    </ClCompile>
    <ClCompile Include="core\threadSafeSystem.cpp">
      <Filter>core</Filter>
    </ClCompile>
    <ClCompile Include="resource\resourceManager.cpp">
      <Filter>resource</Filter>
    </ClCompile>
    <ClCompile Include="resource\resource.cpp">
      <Filter>resource</Filter>
    </ClCompile>
    <ClCompile Include="helper\fileSystem.cpp">
      <Filter>helper</Filter>
    </ClCompile>
    <ClCompile Include="core\eventSystem.cpp">
      <Filter>core</Filter>
    </ClCompile>
    <ClCompile Include="core\jobSystem.cpp">
      <Filter>core</Filter>
    </ClCompile>
    <ClCompile Include="renderer\RHI\deviceD3D11.cpp">
      <Filter>renderer\rhi\d3d11</Filter>
    </ClCompile>
    <ClCompile Include="renderer\RHI\rhiFactory.cpp">
      <Filter>renderer\rhi</Filter>
    </ClCompile>
    <ClCompile Include="utils\intersectable.cpp">
      <Filter>utils</Filter>
    </ClCompile>
    <ClCompile Include="renderer\rendererUtils.cpp">
      <Filter>renderer</Filter>
    </ClCompile>
    <ClCompile Include="resource\modelImporter\modelImporterObj.cpp">
      <Filter>resource\importer</Filter>
    </ClCompile>
    <ClCompile Include="helper\random.cpp">
      <Filter>helper</Filter>
    </ClCompile>
    <ClCompile Include="scripts\luaContext.cpp">
      <Filter>scripts</Filter>
    </ClCompile>
    <ClCompile Include="scripts\lua\lapi.c">
      <Filter>scripts\lua</Filter>
    </ClCompile>
    <ClCompile Include="scripts\lua\lauxlib.c">
      <Filter>scripts\lua</Filter>
    </ClCompile>
    <ClCompile Include="scripts\lua\lbaselib.c">
      <Filter>scripts\lua</Filter>
    </ClCompile>
    <ClCompile Include="scripts\lua\lbitlib.c">
      <Filter>scripts\lua</Filter>
    </ClCompile>
    <ClCompile Include="scripts\lua\lcode.c">
      <Filter>scripts\lua</Filter>
    </ClCompile>
    <ClCompile Include="scripts\lua\lcorolib.c">
      <Filter>scripts\lua</Filter>
    </ClCompile>
    <ClCompile Include="scripts\lua\lctype.c">
      <Filter>scripts\lua</Filter>
    </ClCompile>
    <ClCompile Include="scripts\lua\ldblib.c">
      <Filter>scripts\lua</Filter>
    </ClCompile>
    <ClCompile Include="scripts\lua\ldebug.c">
      <Filter>scripts\lua</Filter>
    </ClCompile>
    <ClCompile Include="scripts\lua\ldo.c">
      <Filter>scripts\lua</Filter>
    </ClCompile>
    <ClCompile Include="scripts\lua\ldump.c">
      <Filter>scripts\lua</Filter>
    </ClCompile>
    <ClCompile Include="scripts\lua\lfunc.c">
      <Filter>scripts\lua</Filter>
    </ClCompile>
    <ClCompile Include="scripts\lua\lgc.c">
      <Filter>scripts\lua</Filter>
    </ClCompile>
    <ClCompile Include="scripts\lua\linit.c">
      <Filter>scripts\lua</Filter>
    </ClCompile>
    <ClCompile Include="scripts\lua\liolib.c">
      <Filter>scripts\lua</Filter>
    </ClCompile>
    <ClCompile Include="scripts\lua\llex.c">
      <Filter>scripts\lua</Filter>
    </ClCompile>
    <ClCompile Include="scripts\lua\lmathlib.c">
      <Filter>scripts\lua</Filter>
    </ClCompile>
    <ClCompile Include="scripts\lua\lmem.c">
      <Filter>scripts\lua</Filter>
    </ClCompile>
    <ClCompile Include="scripts\lua\loadlib.c">
      <Filter>scripts\lua</Filter>
    </ClCompile>
    <ClCompile Include="scripts\lua\lobject.c">
      <Filter>scripts\lua</Filter>
    </ClCompile>
    <ClCompile Include="scripts\lua\lopcodes.c">
      <Filter>scripts\lua</Filter>
    </ClCompile>
    <ClCompile Include="scripts\lua\loslib.c">
      <Filter>scripts\lua</Filter>
    </ClCompile>
    <ClCompile Include="scripts\lua\lparser.c">
      <Filter>scripts\lua</Filter>
    </ClCompile>
    <ClCompile Include="scripts\lua\lstate.c">
      <Filter>scripts\lua</Filter>
    </ClCompile>
    <ClCompile Include="scripts\lua\lstring.c">
      <Filter>scripts\lua</Filter>
    </ClCompile>
    <ClCompile Include="scripts\lua\lstrlib.c">
      <Filter>scripts\lua</Filter>
    </ClCompile>
    <ClCompile Include="scripts\lua\ltable.c">
      <Filter>scripts\lua</Filter>
    </ClCompile>
    <ClCompile Include="scripts\lua\ltablib.c">
      <Filter>scripts\lua</Filter>
    </ClCompile>
    <ClCompile Include="scripts\lua\ltm.c">
      <Filter>scripts\lua</Filter>
    </ClCompile>
    <ClCompile Include="scripts\lua\lua.c">
      <Filter>scripts\lua</Filter>
    </ClCompile>
    <ClCompile Include="scripts\lua\luac.c">
      <Filter>scripts\lua</Filter>
    </ClCompile>
    <ClCompile Include="scripts\lua\lundump.c">
      <Filter>scripts\lua</Filter>
    </ClCompile>
    <ClCompile Include="scripts\lua\lutf8lib.c">
      <Filter>scripts\lua</Filter>
    </ClCompile>
    <ClCompile Include="scripts\lua\lvm.c">
      <Filter>scripts\lua</Filter>
    </ClCompile>
    <ClCompile Include="scripts\lua\lzio.c">
      <Filter>scripts\lua</Filter>
    </ClCompile>
    <ClCompile Include="system\component\camera.cpp">
      <Filter>system\component</Filter>
    </ClCompile>
    <ClCompile Include="system\component\component.cpp">
      <Filter>system\component</Filter>
    </ClCompile>
    <ClCompile Include="system\component\material.cpp">
      <Filter>system\component</Filter>
    </ClCompile>
    <ClCompile Include="system\component\mesh.cpp">
      <Filter>system\component</Filter>
    </ClCompile>
    <ClCompile Include="system\component\transform.cpp">
      <Filter>system\component</Filter>
    </ClCompile>
    <ClCompile Include="system\sceneSystem.cpp">
      <Filter>system</Filter>
    </ClCompile>
    <ClCompile Include="system\sceneObjectSystem.cpp">
      <Filter>system\systems</Filter>
    </ClCompile>
    <ClCompile Include="system\sceneTransformSystem.cpp">
      <Filter>system\systems</Filter>
    </ClCompile>
    <ClCompile Include="scripts\luaBinder.cpp">
      <Filter>scripts\binder</Filter>
    </ClCompile>
    <ClCompile Include="scripts\luaException.cpp">
      <Filter>scripts\binder</Filter>
    </ClCompile>
    <ClCompile Include="scripts\luaObject.cpp">
      <Filter>scripts\binder</Filter>
    </ClCompile>
    <ClCompile Include="scripts\luaTools.cpp">
      <Filter>scripts\binder</Filter>
    </ClCompile>
    <ClCompile Include="scripts\api\luaApi.cpp">
      <Filter>scripts\api</Filter>
    </ClCompile>
    <ClCompile Include="input\InputSystem.cpp">
      <Filter>input</Filter>
    </ClCompile>
    <ClCompile Include="input\directInput.cpp">
      <Filter>input</Filter>
    </ClCompile>
    <ClCompile Include="scripts\luaRef.cpp">
      <Filter>scripts\binder</Filter>
    </ClCompile>
    <ClCompile Include="scripts\luaBinder_impl.cpp">
      <Filter>scripts\binder</Filter>
    </ClCompile>
    <ClCompile Include="renderer\paths\renderImage.cpp">
      <Filter>renderer\paths</Filter>
    </ClCompile>
    <ClCompile Include="renderer\paths\renderPath.cpp">
      <Filter>renderer\paths</Filter>
    </ClCompile>
    <ClCompile Include="renderer\paths\renderPath_forward.cpp">
      <Filter>renderer\paths</Filter>
    </ClCompile>
    <ClCompile Include="renderer\paths\renderPath2D.cpp">
      <Filter>renderer\paths</Filter>
    </ClCompile>
    <ClCompile Include="renderer\paths\renderPath3D.cpp">
      <Filter>renderer\paths</Filter>
    </ClCompile>
    <ClCompile Include="scripts\api\systemApi.cpp">
      <Filter>scripts\api</Filter>
    </ClCompile>
    <ClCompile Include="generates\luabind_registers.cpp">
      <Filter>generates</Filter>
    </ClCompile>
    <ClCompile Include="scripts\api\rendererApi.cpp">
      <Filter>scripts\api</Filter>
    </ClCompile>
    <ClCompile Include="scripts\api\vectorApi.cpp">
      <Filter>scripts\api</Filter>
    </ClCompile>
    <ClCompile Include="scripts\api\matrixApi.cpp">
      <Filter>scripts\api</Filter>
    </ClCompile>
    <ClCompile Include="system\component\light.cpp">
      <Filter>system\component</Filter>
    </ClCompile>
    <ClCompile Include="system\sceneLightSystem.cpp">
      <Filter>system\systems</Filter>
    </ClCompile>
    <ClCompile Include="scripts\api\sceneApi.cpp">
      <Filter>scripts\api</Filter>
    </ClCompile>
    <ClCompile Include="..\ThirdParty\imgui\imgui.cpp">
      <Filter>gui\guiEditor\imgui</Filter>
    </ClCompile>
    <ClCompile Include="..\ThirdParty\imgui\imgui_demo.cpp">
      <Filter>gui\guiEditor\imgui</Filter>
    </ClCompile>
    <ClCompile Include="..\ThirdParty\imgui\imgui_draw.cpp">
      <Filter>gui\guiEditor\imgui</Filter>
    </ClCompile>
    <ClCompile Include="..\ThirdParty\imgui\imgui_widgets.cpp">
      <Filter>gui\guiEditor\imgui</Filter>
    </ClCompile>
    <ClCompile Include="gui\imguiStage.cpp">
      <Filter>gui</Filter>
    </ClCompile>
    <ClCompile Include="gui\guiStage.cpp">
      <Filter>gui</Filter>
    </ClCompile>
    <ClCompile Include="..\ThirdParty\imgui\imgui_impl_dx11.cpp">
      <Filter>gui\guiEditor\imgui</Filter>
    </ClCompile>
    <ClCompile Include="..\ThirdParty\imgui\imgui_impl_win32.cpp">
      <Filter>gui\guiEditor\imgui</Filter>
    </ClCompile>
    <ClCompile Include="gui\guiRenderer.cpp">
      <Filter>gui</Filter>
    </ClCompile>
    <ClCompile Include="utils\geometry.cpp">
      <Filter>utils</Filter>
    </ClCompile>
    <ClCompile Include="renderer\textureHelper.cpp">
      <Filter>renderer</Filter>
    </ClCompile>
    <ClCompile Include="utils\tinyxml2\tinyxml2.cpp">
      <Filter>utils\tinyxml2</Filter>
    </ClCompile>
    <ClCompile Include="helper\archive.cpp">
      <Filter>helper</Filter>
    </ClCompile>
    <ClCompile Include="gui\guiCore\guiDispatcher.cpp">
      <Filter>gui\guiCore</Filter>
    </ClCompile>
    <ClCompile Include="system\component\object.cpp">
      <Filter>system\component</Filter>
    </ClCompile>
    <ClCompile Include="system\sceneSerializers.cpp">
      <Filter>system</Filter>
    </ClCompile>
    <ClCompile Include="scripts\api\uiApi.cpp">
      <Filter>scripts\api</Filter>
    </ClCompile>
    <ClCompile Include="scripts\api\utilsApi.cpp">
      <Filter>scripts\api</Filter>
    </ClCompile>
    <ClCompile Include="system\component\genericType.cpp">
      <Filter>system\component</Filter>
    </ClCompile>
    <ClCompile Include="system\component\terrain.cpp">
      <Filter>system\component</Filter>
    </ClCompile>
    <ClCompile Include="system\systems\sceneTerrainSystem.cpp">
      <Filter>system\systems</Filter>
    </ClCompile>
    <ClCompile Include="system\component\animation.cpp">
      <Filter>system\component</Filter>
    </ClCompile>
    <ClCompile Include="resource\modelImporter\modelImporterGLTF.cpp">
      <Filter>resource\importer</Filter>
    </ClCompile>
    <ClCompile Include="system\systems\sceneAnimationSystem.cpp">
      <Filter>system\systems</Filter>
    </ClCompile>
    <ClCompile Include="renderer\passes\terrainPass.cpp">
      <Filter>renderer\passes\terrain</Filter>
    </ClCompile>
    <ClCompile Include="renderer\passes\terrainTree.cpp">
      <Filter>renderer\passes\terrain</Filter>
    </ClCompile>
    <ClCompile Include="system\component\weather.cpp">
      <Filter>system\component</Filter>
    </ClCompile>
    <ClCompile Include="core\memory.cpp">
      <Filter>core</Filter>
    </ClCompile>
    <ClCompile Include="utils\tlsf\tlsf.c">
      <Filter>utils\tlsf</Filter>
    </ClCompile>
    <ClCompile Include="core\allocator.cpp">
      <Filter>core</Filter>
    </ClCompile>
    <ClCompile Include="utils\allocator\tlsfAllocator.cpp">
      <Filter>utils\allocator</Filter>
    </ClCompile>
    <ClCompile Include="renderer\pipelineStates\imagePipelineStates.cpp">
      <Filter>renderer\pipelineStates</Filter>
    </ClCompile>
    <ClCompile Include="renderer\pipelineStates\normalPipelineStates.cpp">
      <Filter>renderer\pipelineStates</Filter>
    </ClCompile>
    <ClCompile Include="renderer\pipelineStates\pipelineStateManager.cpp">
      <Filter>renderer\pipelineStates</Filter>
    </ClCompile>
    <ClCompile Include="renderer\paths\renderPath_tiledForward.cpp">
      <Filter>renderer\paths</Filter>
    </ClCompile>
    <ClCompile Include="audio\audio.cpp">
      <Filter>audio</Filter>
    </ClCompile>
    <ClCompile Include="audio\audioDeviceX.cpp">
      <Filter>audio\device</Filter>
    </ClCompile>
    <ClCompile Include="system\component\sound.cpp">
      <Filter>system\component</Filter>
    </ClCompile>
    <ClCompile Include="audio\audioDevice.cpp">
      <Filter>audio\device</Filter>
    </ClCompile>
    <ClCompile Include="system\systems\sceneSoundSystem.cpp">
      <Filter>system\systems</Filter>
    </ClCompile>
    <ClCompile Include="gui\guiWidgets\widgets.cpp">
      <Filter>gui\guiWidgets</Filter>
    </ClCompile>
    <ClCompile Include="gui\guiWidgets\widget_properties.cpp">
      <Filter>gui\guiWidgets</Filter>
    </ClCompile>
    <ClCompile Include="gui\guiWidgets\widgetManager.cpp">
      <Filter>gui\guiWidgets</Filter>
    </ClCompile>
    <ClCompile Include="gui\guiWidgets\widgetHierarchy.cpp">
      <Filter>gui\guiWidgets</Filter>
    </ClCompile>
    <ClCompile Include="gui\guiFactory.cpp">
      <Filter>gui</Filter>
    </ClCompile>
    <ClCompile Include="gui\guiCore\guiDistributor.cpp">
      <Filter>gui\guiCore</Filter>
    </ClCompile>
    <ClCompile Include="gui\guiWidgets\stackPanel.cpp">
      <Filter>gui\guiWidgets</Filter>
    </ClCompile>
    <ClCompile Include="gui\guiWidgets\button.cpp">
      <Filter>gui\guiWidgets</Filter>
    </ClCompile>
    <ClCompile Include="utils\signal\connection.cpp">
      <Filter>utils\signal</Filter>
    </ClCompile>
    <ClCompile Include="utils\signal\connectionList.cpp">
      <Filter>utils\signal</Filter>
    </ClCompile>
    <ClCompile Include="renderer\2D\renderer2D.cpp">
      <Filter>renderer\2D</Filter>
    </ClCompile>
    <ClCompile Include="renderer\2D\sprite.cpp">
      <Filter>renderer\2D</Filter>
    </ClCompile>
    <ClCompile Include="renderer\2D\font.cpp">
      <Filter>renderer\2D</Filter>
    </ClCompile>
    <ClCompile Include="renderer\preset\renderPreset.cpp">
      <Filter>renderer\preset</Filter>
    </ClCompile>
    <ClCompile Include="renderer\preset\blendState.cpp">
      <Filter>renderer\preset\graphicsChild</Filter>
    </ClCompile>
    <ClCompile Include="renderer\preset\constantBuffer.cpp">
      <Filter>renderer\preset\graphicsChild</Filter>
    </ClCompile>
    <ClCompile Include="renderer\preset\depthStencilState.cpp">
      <Filter>renderer\preset\graphicsChild</Filter>
    </ClCompile>
    <ClCompile Include="renderer\preset\rasterizerState.cpp">
      <Filter>renderer\preset\graphicsChild</Filter>
    </ClCompile>
    <ClCompile Include="renderer\preset\samplerState.cpp">
      <Filter>renderer\preset\graphicsChild</Filter>
    </ClCompile>
    <ClCompile Include="renderer\preset\structuredBuffer.cpp">
      <Filter>renderer\preset\graphicsChild</Filter>
    </ClCompile>
    <ClCompile Include="renderer\2D\textDrawable.cpp">
      <Filter>renderer\2D</Filter>
    </ClCompile>
    <ClCompile Include="utils\string\utf8String.cpp">
      <Filter>utils\string</Filter>
    </ClCompile>
    <ClCompile Include="utils\string\utf8StringIt.cpp">
      <Filter>utils\string</Filter>
    </ClCompile>
    <ClCompile Include="gui\guiWidgets\label.cpp">
      <Filter>gui\guiWidgets</Filter>
    </ClCompile>
    <ClCompile Include="gui\guiWidgets\listPanel.cpp">
      <Filter>gui\guiWidgets</Filter>
    </ClCompile>
    <ClCompile Include="gui\guiWidgets\checkBox.cpp">
      <Filter>gui\guiWidgets</Filter>
    </ClCompile>
    <ClCompile Include="gui\guiWidgets\layouts\boxLayout.cpp">
      <Filter>gui\guiWidgets\layout</Filter>
    </ClCompile>
    <ClCompile Include="gui\guiWidgets\window.cpp">
      <Filter>gui\guiWidgets</Filter>
    </ClCompile>
    <ClCompile Include="gui\guiScheme.cpp">
      <Filter>gui</Filter>
    </ClCompile>
    <ClCompile Include="gui\guiWidgets\layouts\gridLayout.cpp">
      <Filter>gui\guiWidgets\layout</Filter>
    </ClCompile>
    <ClCompile Include="gui\guiWidgets\popup.cpp">
      <Filter>gui\guiWidgets</Filter>
    </ClCompile>
    <ClCompile Include="gui\guiWidgets\scrollView.cpp">
      <Filter>gui\guiWidgets</Filter>
    </ClCompile>
    <ClCompile Include="gui\guiWidgets\image.cpp">
      <Filter>gui\guiWidgets</Filter>
    </ClCompile>
    <ClCompile Include="gui\guiWidgets\ninePatchImage.cpp">
      <Filter>gui\guiWidgets</Filter>
    </ClCompile>
    <ClCompile Include="platform\gameWindow.cpp">
      <Filter>platform</Filter>
    </ClCompile>
    <ClCompile Include="platform\win32\gameWindowWin32.cpp">
      <Filter>platform\win32</Filter>
    </ClCompile>
    <ClCompile Include="platform\win32\safeRefcountWin32.cpp">
      <Filter>platform\win32</Filter>
    </ClCompile>
    <ClCompile Include="gui\guiWidgets\textEdit.cpp">
      <Filter>gui\guiWidgets</Filter>
    </ClCompile>
    <ClCompile Include="gui\guiWidgets\inputField.cpp">
      <Filter>gui\guiWidgets</Filter>
    </ClCompile>
    <ClCompile Include="gui\guiWidgets\container.cpp">
      <Filter>gui\guiWidgets</Filter>
    </ClCompile>
    <ClCompile Include="utils\signal\connectionMap.cpp">
      <Filter>utils\signal</Filter>
    </ClCompile>
    <ClCompile Include="gui\guiAnimation\guiTimeline.cpp">
      <Filter>gui\guiAnimation</Filter>
    </ClCompile>
    <ClCompile Include="gui\guiAnimation\guiAnimation.cpp">
      <Filter>gui\guiAnimation</Filter>
    </ClCompile>
    <ClCompile Include="scripts\api\jsonApi.cpp">
      <Filter>scripts\api</Filter>
    </ClCompile>
    <ClCompile Include="renderer\preset\shaderPreset.cpp">
      <Filter>renderer\preset\graphicsChild</Filter>
    </ClCompile>
    <ClCompile Include="renderer\shaderLib.cpp">
      <Filter>renderer\shader</Filter>
    </ClCompile>
  </ItemGroup>
  <ItemGroup>
    <ClInclude Include="engine.h" />
    <ClInclude Include="common\common.h">
      <Filter>common</Filter>
    </ClInclude>
    <ClInclude Include="core\gameComponent.h">
      <Filter>core</Filter>
    </ClInclude>
    <ClInclude Include="renderer\renderableCommon.h">
      <Filter>renderer</Filter>
    </ClInclude>
    <ClInclude Include="renderer\renderer.h">
      <Filter>renderer</Filter>
    </ClInclude>
    <ClInclude Include="utils\array.h">
      <Filter>utils</Filter>
    </ClInclude>
    <ClInclude Include="utils\math.h">
      <Filter>utils</Filter>
    </ClInclude>
    <ClInclude Include="helper\logger.h">
      <Filter>helper</Filter>
    </ClInclude>
    <ClInclude Include="helper\debug.h">
      <Filter>helper</Filter>
    </ClInclude>
    <ClInclude Include="helper\stringID.h">
      <Filter>helper</Filter>
    </ClInclude>
    <ClInclude Include="helper\profiler.h">
      <Filter>helper</Filter>
    </ClInclude>
    <ClInclude Include="helper\systemTime.h">
      <Filter>helper</Filter>
    </ClInclude>
    <ClInclude Include="helper\timer.h">
      <Filter>helper</Filter>
    </ClInclude>
    <ClInclude Include="helper\IDGenerator.h">
      <Filter>helper</Filter>
    </ClInclude>
    <ClInclude Include="renderer\RHI\device.h">
      <Filter>renderer\rhi</Filter>
    </ClInclude>
    <ClInclude Include="renderer\RHI\rhiDefinition.h">
      <Filter>renderer\rhi</Filter>
    </ClInclude>
    <ClInclude Include="renderer\RHI\swapChainD3D11.h">
      <Filter>renderer\rhi\d3d11</Filter>
    </ClInclude>
    <ClInclude Include="renderer\RHI\rhiResource.h">
      <Filter>renderer\rhi</Filter>
    </ClInclude>
    <ClInclude Include="core\threadSafeSystem.h">
      <Filter>core</Filter>
    </ClInclude>
    <ClInclude Include="resource\resource.h">
      <Filter>resource</Filter>
    </ClInclude>
    <ClInclude Include="resource\resourceManager.h">
      <Filter>resource</Filter>
    </ClInclude>
    <ClInclude Include="resource\resourcePool.hpp">
      <Filter>resource</Filter>
    </ClInclude>
    <ClInclude Include="renderer\RHI\rhiShader.h">
      <Filter>renderer\rhi</Filter>
    </ClInclude>
    <ClInclude Include="helper\fileSystem.h">
      <Filter>helper</Filter>
    </ClInclude>
    <ClInclude Include="resource\modelImporter.h">
      <Filter>resource\importer</Filter>
    </ClInclude>
    <ClInclude Include="utils\geometry.h">
      <Filter>utils</Filter>
    </ClInclude>
    <ClInclude Include="core\eventSystem.h">
      <Filter>core</Filter>
    </ClInclude>
    <ClInclude Include="helper\variant.h">
      <Filter>helper</Filter>
    </ClInclude>
    <ClInclude Include="core\systemContext.hpp">
      <Filter>core</Filter>
    </ClInclude>
    <ClInclude Include="core\subSystem.hpp">
      <Filter>core</Filter>
    </ClInclude>
    <ClInclude Include="core\jobSystem.h">
      <Filter>core</Filter>
    </ClInclude>
    <ClInclude Include="utils\threadSafeBuffer.h">
      <Filter>utils</Filter>
    </ClInclude>
    <ClInclude Include="renderer\includeD3D11.h">
      <Filter>renderer\rhi\d3d11</Filter>
    </ClInclude>
    <ClInclude Include="renderer\RHI\deviceD3D11.h">
      <Filter>renderer\rhi\d3d11</Filter>
    </ClInclude>
    <ClInclude Include="renderer\RHI\rhiFactory.h">
      <Filter>renderer\rhi</Filter>
    </ClInclude>
    <ClInclude Include="core\eventDefine.h">
      <Filter>core</Filter>
    </ClInclude>
    <ClInclude Include="utils\intersectable.h">
      <Filter>utils</Filter>
    </ClInclude>
    <ClInclude Include="renderer\rendererUtils.h">
      <Filter>renderer</Filter>
    </ClInclude>
    <ClInclude Include="helper\helper.h">
      <Filter>helper</Filter>
    </ClInclude>
    <ClInclude Include="helper\random.h">
      <Filter>helper</Filter>
    </ClInclude>
    <ClInclude Include="scripts\luaContext.h">
      <Filter>scripts</Filter>
    </ClInclude>
    <ClInclude Include="scripts\lua\lapi.h">
      <Filter>scripts\lua</Filter>
    </ClInclude>
    <ClInclude Include="scripts\lua\lauxlib.h">
      <Filter>scripts\lua</Filter>
    </ClInclude>
    <ClInclude Include="scripts\lua\lcode.h">
      <Filter>scripts\lua</Filter>
    </ClInclude>
    <ClInclude Include="scripts\lua\lctype.h">
      <Filter>scripts\lua</Filter>
    </ClInclude>
    <ClInclude Include="scripts\lua\ldebug.h">
      <Filter>scripts\lua</Filter>
    </ClInclude>
    <ClInclude Include="scripts\lua\ldo.h">
      <Filter>scripts\lua</Filter>
    </ClInclude>
    <ClInclude Include="scripts\lua\lfunc.h">
      <Filter>scripts\lua</Filter>
    </ClInclude>
    <ClInclude Include="scripts\lua\lgc.h">
      <Filter>scripts\lua</Filter>
    </ClInclude>
    <ClInclude Include="scripts\lua\llex.h">
      <Filter>scripts\lua</Filter>
    </ClInclude>
    <ClInclude Include="scripts\lua\llimits.h">
      <Filter>scripts\lua</Filter>
    </ClInclude>
    <ClInclude Include="scripts\lua\lmem.h">
      <Filter>scripts\lua</Filter>
    </ClInclude>
    <ClInclude Include="scripts\lua\lobject.h">
      <Filter>scripts\lua</Filter>
    </ClInclude>
    <ClInclude Include="scripts\lua\lopcodes.h">
      <Filter>scripts\lua</Filter>
    </ClInclude>
    <ClInclude Include="scripts\lua\lparser.h">
      <Filter>scripts\lua</Filter>
    </ClInclude>
    <ClInclude Include="scripts\lua\lprefix.h">
      <Filter>scripts\lua</Filter>
    </ClInclude>
    <ClInclude Include="scripts\lua\lstate.h">
      <Filter>scripts\lua</Filter>
    </ClInclude>
    <ClInclude Include="scripts\lua\lstring.h">
      <Filter>scripts\lua</Filter>
    </ClInclude>
    <ClInclude Include="scripts\lua\ltable.h">
      <Filter>scripts\lua</Filter>
    </ClInclude>
    <ClInclude Include="scripts\lua\ltm.h">
      <Filter>scripts\lua</Filter>
    </ClInclude>
    <ClInclude Include="scripts\lua\lua.h">
      <Filter>scripts\lua</Filter>
    </ClInclude>
    <ClInclude Include="scripts\lua\lua.hpp">
      <Filter>scripts\lua</Filter>
    </ClInclude>
    <ClInclude Include="scripts\lua\luaconf.h">
      <Filter>scripts\lua</Filter>
    </ClInclude>
    <ClInclude Include="scripts\lua\lualib.h">
      <Filter>scripts\lua</Filter>
    </ClInclude>
    <ClInclude Include="scripts\lua\lundump.h">
      <Filter>scripts\lua</Filter>
    </ClInclude>
    <ClInclude Include="scripts\lua\lvm.h">
      <Filter>scripts\lua</Filter>
    </ClInclude>
    <ClInclude Include="scripts\lua\lzio.h">
      <Filter>scripts\lua</Filter>
    </ClInclude>
    <ClInclude Include="note.h" />
    <ClInclude Include="system\component\camera.h">
      <Filter>system\component</Filter>
    </ClInclude>
    <ClInclude Include="system\component\component.h">
      <Filter>system\component</Filter>
    </ClInclude>
    <ClInclude Include="system\component\componentInclude.h">
      <Filter>system\component</Filter>
    </ClInclude>
    <ClInclude Include="system\component\material.h">
      <Filter>system\component</Filter>
    </ClInclude>
    <ClInclude Include="system\component\mesh.h">
      <Filter>system\component</Filter>
    </ClInclude>
    <ClInclude Include="system\component\object.h">
      <Filter>system\component</Filter>
    </ClInclude>
    <ClInclude Include="system\component\transform.h">
      <Filter>system\component</Filter>
    </ClInclude>
    <ClInclude Include="system\ecsSystem.h">
      <Filter>system</Filter>
    </ClInclude>
    <ClInclude Include="system\sceneSystem.h">
      <Filter>system</Filter>
    </ClInclude>
    <ClInclude Include="scripts\luaArg.h">
      <Filter>scripts\binder</Filter>
    </ClInclude>
    <ClInclude Include="scripts\luaBinder.h">
      <Filter>scripts\binder</Filter>
    </ClInclude>
    <ClInclude Include="scripts\luaBinder_impl.h">
      <Filter>scripts\binder</Filter>
    </ClInclude>
    <ClInclude Include="scripts\luaCommon.h">
      <Filter>scripts\binder</Filter>
    </ClInclude>
    <ClInclude Include="scripts\luaException.h">
      <Filter>scripts\binder</Filter>
    </ClInclude>
    <ClInclude Include="scripts\luaInvoke.h">
      <Filter>scripts\binder</Filter>
    </ClInclude>
    <ClInclude Include="scripts\luaObject.h">
      <Filter>scripts\binder</Filter>
    </ClInclude>
    <ClInclude Include="scripts\luaRef.h">
      <Filter>scripts\binder</Filter>
    </ClInclude>
    <ClInclude Include="scripts\luaTools.h">
      <Filter>scripts\binder</Filter>
    </ClInclude>
    <ClInclude Include="scripts\luaTypeMapping.h">
      <Filter>scripts\binder</Filter>
    </ClInclude>
    <ClInclude Include="scripts\api\luaApi.h">
      <Filter>scripts\api</Filter>
    </ClInclude>
    <ClInclude Include="input\InputSystem.h">
      <Filter>input</Filter>
    </ClInclude>
    <ClInclude Include="input\directInput.h">
      <Filter>input</Filter>
    </ClInclude>
    <ClInclude Include="helper\enumInfo.h">
      <Filter>helper</Filter>
    </ClInclude>
    <ClInclude Include="renderer\paths\renderPath.h">
      <Filter>renderer\paths</Filter>
    </ClInclude>
    <ClInclude Include="renderer\paths\renderImage.h">
      <Filter>renderer\paths</Filter>
    </ClInclude>
    <ClInclude Include="renderer\paths\renderPath_forward.h">
      <Filter>renderer\paths</Filter>
    </ClInclude>
    <ClInclude Include="renderer\paths\renderPath2D.h">
      <Filter>renderer\paths</Filter>
    </ClInclude>
    <ClInclude Include="renderer\paths\renderPath3D.h">
      <Filter>renderer\paths</Filter>
    </ClInclude>
    <ClInclude Include="scripts\api\vectorApi.h">
      <Filter>scripts\api</Filter>
    </ClInclude>
    <ClInclude Include="scripts\api\matrixApi.h">
      <Filter>scripts\api</Filter>
    </ClInclude>
    <ClInclude Include="utils\tinyddsloader.h">
      <Filter>utils</Filter>
    </ClInclude>
    <ClInclude Include="utils\tinyobjloader.h">
      <Filter>utils</Filter>
    </ClInclude>
    <ClInclude Include="system\component\light.h">
      <Filter>system\component</Filter>
    </ClInclude>
    <ClInclude Include="renderer\renderNote.h">
      <Filter>renderer</Filter>
    </ClInclude>
    <ClInclude Include="scripts\api\sceneApi.h">
      <Filter>scripts\api</Filter>
    </ClInclude>
    <ClInclude Include="..\ThirdParty\imgui\imconfig.h">
      <Filter>gui\guiEditor\imgui</Filter>
    </ClInclude>
    <ClInclude Include="..\ThirdParty\imgui\imgui.h">
      <Filter>gui\guiEditor\imgui</Filter>
    </ClInclude>
    <ClInclude Include="..\ThirdParty\imgui\imgui_internal.h">
      <Filter>gui\guiEditor\imgui</Filter>
    </ClInclude>
    <ClInclude Include="gui\imguiStage.h">
      <Filter>gui</Filter>
    </ClInclude>
    <ClInclude Include="gui\guiStage.h">
      <Filter>gui</Filter>
    </ClInclude>
    <ClInclude Include="..\ThirdParty\imgui\imgui_impl_dx11.h">
      <Filter>gui\guiEditor\imgui</Filter>
    </ClInclude>
    <ClInclude Include="..\ThirdParty\imgui\imgui_impl_win32.h">
      <Filter>gui\guiEditor\imgui</Filter>
    </ClInclude>
    <ClInclude Include="gui\guiRenderer.h">
      <Filter>gui</Filter>
    </ClInclude>
    <ClInclude Include="utils\treeNode.h">
      <Filter>utils</Filter>
    </ClInclude>
    <ClInclude Include="gui\guiInclude.h">
      <Filter>gui</Filter>
    </ClInclude>
    <ClInclude Include="utils\color.h">
      <Filter>utils</Filter>
    </ClInclude>
    <ClInclude Include="renderer\textureHelper.h">
      <Filter>renderer</Filter>
    </ClInclude>
    <ClInclude Include="utils\tinyxml2\tinyxml2.h">
      <Filter>utils\tinyxml2</Filter>
    </ClInclude>
    <ClInclude Include="helper\archive.h">
      <Filter>helper</Filter>
    </ClInclude>
    <ClInclude Include="common\definitions.h">
      <Filter>common</Filter>
    </ClInclude>
    <ClInclude Include="gui\guiCore\guiDispatcher.h">
      <Filter>gui\guiCore</Filter>
    </ClInclude>
    <ClInclude Include="scripts\api\uiApi.h">
      <Filter>scripts\api</Filter>
    </ClInclude>
    <ClInclude Include="scripts\api\utilsApi.h">
      <Filter>scripts\api</Filter>
    </ClInclude>
    <ClInclude Include="..\ThirdParty\optick\optick.config.h">
      <Filter>utils\optick</Filter>
    </ClInclude>
    <ClInclude Include="..\ThirdParty\optick\optick.h">
      <Filter>utils\optick</Filter>
    </ClInclude>
    <ClInclude Include="system\component\genericType.h">
      <Filter>system\component</Filter>
    </ClInclude>
    <ClInclude Include="utils\quadTree.h">
      <Filter>utils</Filter>
    </ClInclude>
    <ClInclude Include="system\component\terrain.h">
      <Filter>system\component</Filter>
    </ClInclude>
    <ClInclude Include="system\component\animation.h">
      <Filter>system\component</Filter>
    </ClInclude>
    <ClInclude Include="utils\tinygltf\tiny_gltf.h">
      <Filter>utils\tinygltf</Filter>
    </ClInclude>
    <ClInclude Include="utils\json\json.hpp">
      <Filter>utils\json</Filter>
    </ClInclude>
    <ClInclude Include="renderer\RHI\d3d11\rhiResourceD3D11.h">
      <Filter>renderer\rhi\d3d11</Filter>
    </ClInclude>
    <ClInclude Include="renderer\passes\note.h">
      <Filter>renderer\passes</Filter>
    </ClInclude>
    <ClInclude Include="renderer\passes\renderPass.h">
      <Filter>renderer\passes</Filter>
    </ClInclude>
    <ClInclude Include="renderer\passes\terrainPass.h">
      <Filter>renderer\passes\terrain</Filter>
    </ClInclude>
    <ClInclude Include="renderer\passes\terrainRender.h">
      <Filter>renderer\passes\terrain</Filter>
    </ClInclude>
    <ClInclude Include="renderer\passes\terrainTree.h">
      <Filter>renderer\passes\terrain</Filter>
    </ClInclude>
    <ClInclude Include="system\component\weather.h">
      <Filter>system\component</Filter>
    </ClInclude>
    <ClInclude Include="core\memory.h">
      <Filter>core</Filter>
    </ClInclude>
    <ClInclude Include="utils\allocator\linearAllocator.h">
      <Filter>utils\allocator</Filter>
    </ClInclude>
    <ClInclude Include="utils\objectPool.h">
      <Filter>utils</Filter>
    </ClInclude>
    <ClInclude Include="utils\allocator\tlsfAllocator.h">
      <Filter>utils\allocator</Filter>
    </ClInclude>
    <ClInclude Include="core\allocator.h">
      <Filter>core</Filter>
    </ClInclude>
    <ClInclude Include="utils\tlsf\tlsf.h">
      <Filter>utils\tlsf</Filter>
    </ClInclude>
    <ClInclude Include="core\safeRefcount.h">
      <Filter>core</Filter>
    </ClInclude>
    <ClInclude Include="utils\container\dynamicArray.h">
      <Filter>utils\container</Filter>
    </ClInclude>
    <ClInclude Include="utils\container\map.h">
      <Filter>utils\container</Filter>
    </ClInclude>
    <ClInclude Include="utils\container\staticArray.h">
      <Filter>utils\container</Filter>
    </ClInclude>
    <ClInclude Include="utils\container\hashMap.h">
      <Filter>utils\container</Filter>
    </ClInclude>
    <ClInclude Include="renderer\pipelineStates\pipelineStateManager.h">
      <Filter>renderer\pipelineStates</Filter>
    </ClInclude>
    <ClInclude Include="renderer\paths\renderPath_tiledForward.h">
      <Filter>renderer\paths</Filter>
    </ClInclude>
    <ClInclude Include="gui\guiEditor\guiEditorInclude.h">
      <Filter>gui\guiEditor</Filter>
    </ClInclude>
    <ClInclude Include="common\version.h">
      <Filter>common</Filter>
    </ClInclude>
    <ClInclude Include="system\sceneSystemInclude.h">
      <Filter>system</Filter>
    </ClInclude>
    <ClInclude Include="audio\audio.h">
      <Filter>audio</Filter>
    </ClInclude>
    <ClInclude Include="audio\audioDeviceX.h">
      <Filter>audio\device</Filter>
    </ClInclude>
    <ClInclude Include="audio\audioDevice.h">
      <Filter>audio\device</Filter>
    </ClInclude>
    <ClInclude Include="system\component\sound.h">
      <Filter>system\component</Filter>
    </ClInclude>
    <ClInclude Include="gui\guiWidgets\widgets.h">
      <Filter>gui\guiWidgets</Filter>
    </ClInclude>
    <ClInclude Include="gui\guiCore\guiDispatcher_impl.h">
      <Filter>gui\guiCore</Filter>
    </ClInclude>
    <ClInclude Include="gui\guiCore\guiEvents.h">
      <Filter>gui\guiCore</Filter>
    </ClInclude>
    <ClInclude Include="gui\guiWidgets\widgetHierarchy.h">
      <Filter>gui\guiWidgets</Filter>
    </ClInclude>
    <ClInclude Include="gui\guiWidgets\widget_properties.h">
      <Filter>gui\guiWidgets</Filter>
    </ClInclude>
    <ClInclude Include="gui\guiWidgets\widgetManager.h">
      <Filter>gui\guiWidgets</Filter>
    </ClInclude>
    <ClInclude Include="gui\guiFactory.h">
      <Filter>gui</Filter>
    </ClInclude>
    <ClInclude Include="gui\guiCore\guiDistributor.h">
      <Filter>gui\guiCore</Filter>
    </ClInclude>
    <ClInclude Include="gui\guiWidgets\stackPanel.h">
      <Filter>gui\guiWidgets</Filter>
    </ClInclude>
    <ClInclude Include="gui\guiWidgets\widgetInclude.h">
      <Filter>gui\guiWidgets</Filter>
    </ClInclude>
    <ClInclude Include="gui\guiWidgets\button.h">
      <Filter>gui\guiWidgets</Filter>
    </ClInclude>
    <ClInclude Include="utils\thread\spinLock.h">
      <Filter>utils\thread</Filter>
    </ClInclude>
    <ClInclude Include="utils\signal\signal.h">
      <Filter>utils\signal</Filter>
    </ClInclude>
    <ClInclude Include="utils\signal\connection.h">
      <Filter>utils\signal</Filter>
    </ClInclude>
    <ClInclude Include="utils\signal\signalInclude.h">
      <Filter>utils\signal</Filter>
    </ClInclude>
    <ClInclude Include="utils\signal\connectionList.h">
      <Filter>utils\signal</Filter>
    </ClInclude>
    <ClInclude Include="renderer\2D\font.h">
      <Filter>renderer\2D</Filter>
    </ClInclude>
    <ClInclude Include="renderer\2D\renderer2D.h">
      <Filter>renderer\2D</Filter>
    </ClInclude>
    <ClInclude Include="renderer\2D\sprite.h">
      <Filter>renderer\2D</Filter>
    </ClInclude>
    <ClInclude Include="utils\reckPacker\best_bin_finder.h">
      <Filter>utils\rectPacker</Filter>
    </ClInclude>
    <ClInclude Include="utils\reckPacker\empty_space_allocators.h">
      <Filter>utils\rectPacker</Filter>
    </ClInclude>
    <ClInclude Include="utils\reckPacker\empty_spaces.h">
      <Filter>utils\rectPacker</Filter>
    </ClInclude>
    <ClInclude Include="utils\reckPacker\finders_interface.h">
      <Filter>utils\rectPacker</Filter>
    </ClInclude>
    <ClInclude Include="utils\reckPacker\insert_and_split.h">
      <Filter>utils\rectPacker</Filter>
    </ClInclude>
    <ClInclude Include="utils\reckPacker\rect_structs.h">
      <Filter>utils\rectPacker</Filter>
    </ClInclude>
    <ClInclude Include="utils\stb_utils\stb_image.h">
      <Filter>utils\stb_utils</Filter>
    </ClInclude>
    <ClInclude Include="utils\stb_utils\stb_image_include.h">
      <Filter>utils\stb_utils</Filter>
    </ClInclude>
    <ClInclude Include="utils\stb_utils\stb_truetype.h">
      <Filter>utils\stb_utils</Filter>
    </ClInclude>
    <ClInclude Include="renderer\preset\renderPreset.h">
      <Filter>renderer\preset</Filter>
    </ClInclude>
    <ClInclude Include="renderer\2D\textDrawable.h">
      <Filter>renderer\2D</Filter>
    </ClInclude>
    <ClInclude Include="utils\string\utf8.h">
      <Filter>utils\string</Filter>
    </ClInclude>
    <ClInclude Include="utils\string\utf8String.h">
      <Filter>utils\string</Filter>
    </ClInclude>
    <ClInclude Include="utils\string\utf8StringIt.h">
      <Filter>utils\string</Filter>
    </ClInclude>
    <ClInclude Include="gui\guiWidgets\label.h">
      <Filter>gui\guiWidgets</Filter>
    </ClInclude>
    <ClInclude Include="gui\guiWidgets\listPanel.h">
      <Filter>gui\guiWidgets</Filter>
    </ClInclude>
    <ClInclude Include="gui\guiWidgets\checkBox.h">
      <Filter>gui\guiWidgets</Filter>
    </ClInclude>
    <ClInclude Include="gui\guiWidgets\layouts\layout.h">
      <Filter>gui\guiWidgets\layout</Filter>
    </ClInclude>
    <ClInclude Include="gui\guiWidgets\layouts\boxLayout.h">
      <Filter>gui\guiWidgets\layout</Filter>
    </ClInclude>
    <ClInclude Include="gui\guiScheme.h">
      <Filter>gui</Filter>
    </ClInclude>
    <ClInclude Include="gui\guiWidgets\window.h">
      <Filter>gui\guiWidgets</Filter>
    </ClInclude>
    <ClInclude Include="gui\guiWidgets\layouts\gridLayout.h">
      <Filter>gui\guiWidgets\layout</Filter>
    </ClInclude>
    <ClInclude Include="gui\guiWidgets\popup.h">
      <Filter>gui\guiWidgets</Filter>
    </ClInclude>
    <ClInclude Include="gui\guiWidgets\scrollView.h">
      <Filter>gui\guiWidgets</Filter>
    </ClInclude>
    <ClInclude Include="gui\guiWidgets\image.h">
      <Filter>gui\guiWidgets</Filter>
    </ClInclude>
    <ClInclude Include="gui\guiWidgets\ninePatchImage.h">
      <Filter>gui\guiWidgets</Filter>
    </ClInclude>
    <ClInclude Include="gui\guiWidgets\textEdit.h">
      <Filter>gui\guiWidgets</Filter>
    </ClInclude>
    <ClInclude Include="platform\gameWindow.h">
      <Filter>platform</Filter>
    </ClInclude>
    <ClInclude Include="platform\win32\gameWindowWin32.h">
      <Filter>platform\win32</Filter>
    </ClInclude>
    <ClInclude Include="gui\guiWidgets\inputField.h">
      <Filter>gui\guiWidgets</Filter>
    </ClInclude>
    <ClInclude Include="gui\guiWidgets\container.h">
      <Filter>gui\guiWidgets</Filter>
    </ClInclude>
    <ClInclude Include="utils\signal\connectionMap.h">
      <Filter>utils\signal</Filter>
    </ClInclude>
    <ClInclude Include="utils\tween\dispatcher.h">
      <Filter>utils\tween</Filter>
    </ClInclude>
    <ClInclude Include="utils\tween\easing.h">
      <Filter>utils\tween</Filter>
    </ClInclude>
    <ClInclude Include="utils\tween\easingresolve.h">
      <Filter>utils\tween</Filter>
    </ClInclude>
    <ClInclude Include="utils\tween\int2type.h">
      <Filter>utils\tween</Filter>
    </ClInclude>
    <ClInclude Include="utils\tween\tween.h">
      <Filter>utils\tween</Filter>
    </ClInclude>
    <ClInclude Include="utils\tween\tweenpoint.h">
      <Filter>utils\tween</Filter>
    </ClInclude>
    <ClInclude Include="utils\tween\tweentraits.h">
      <Filter>utils\tween</Filter>
    </ClInclude>
    <ClInclude Include="utils\tween\tweeny.h">
      <Filter>utils\tween</Filter>
    </ClInclude>
    <ClInclude Include="gui\guiAnimation\guiTimeline.h">
      <Filter>gui\guiAnimation</Filter>
    </ClInclude>
    <ClInclude Include="gui\guiAnimation\guiAnimation.h">
      <Filter>gui\guiAnimation</Filter>
    </ClInclude>
    <ClInclude Include="gui\guiAnimation\valueAnimation.h">
      <Filter>gui\guiAnimation</Filter>
    </ClInclude>
    <ClInclude Include="gui\guiAnimation\valueAnimation_impl.h">
      <Filter>gui\guiAnimation</Filter>
    </ClInclude>
    <ClInclude Include="gui\guiAnimation\guiAnimaionOptions.h">
      <Filter>gui\guiAnimation</Filter>
    </ClInclude>
    <ClInclude Include="gui\guiAnimation\note.h">
      <Filter>gui\guiAnimation</Filter>
    </ClInclude>
    <ClInclude Include="scripts\api\jsonApi.h">
      <Filter>scripts\api</Filter>
    </ClInclude>
    <ClInclude Include="renderer\preset\presetDefinitions.h">
      <Filter>renderer\preset</Filter>
    </ClInclude>
    <ClInclude Include="renderer\preset\shaderDefinitions.h">
      <Filter>renderer\preset</Filter>
    </ClInclude>
    <ClInclude Include="renderer\shaderLib.h">
      <Filter>renderer\shader</Filter>
    </ClInclude>
    <ClInclude Include="renderer\particleSystem.h">
      <Filter>renderer\passes\particle</Filter>
    </ClInclude>
  </ItemGroup>
  <ItemGroup>
    <None Include="resource\resourceManager.inl">
      <Filter>resource</Filter>
    </None>
    <None Include="system\sceneSystem.inl">
      <Filter>system</Filter>
    </None>
    <None Include="scripts\luaContext.inl">
      <Filter>scripts</Filter>
    </None>
    <None Include="helper\enumInfo.inl">
      <Filter>helper</Filter>
    </None>
    <None Include="precompile.bat" />
    <None Include="utils\tween\tween.tcc">
      <Filter>utils\tween</Filter>
    </None>
    <None Include="utils\tween\tweenone.tcc">
      <Filter>utils\tween</Filter>
    </None>
    <None Include="utils\tween\tweenpoint.tcc">
      <Filter>utils\tween</Filter>
    </None>
    <None Include="utils\tween\tweeny.tcc">
      <Filter>utils\tween</Filter>
    </None>
  </ItemGroup>
</Project>