<?xml version="1.0" encoding="utf-8"?>
<Project ToolsVersion="4.0" xmlns="http://schemas.microsoft.com/developer/msbuild/2003">
  <ItemGroup>
    <Filter Include="core">
      <UniqueIdentifier>{93995380-89BD-4b04-88EB-625FBE52EBFB}</UniqueIdentifier>
      <Extensions>h;hh;hpp;hxx;hm;inl;inc;ipp;xsd</Extensions>
    </Filter>
    <Filter Include="renderer">
      <UniqueIdentifier>{1c5438a2-0632-44fc-833e-ddba1e051fd2}</UniqueIdentifier>
    </Filter>
    <Filter Include="common">
      <UniqueIdentifier>{f62268fb-302c-4224-8257-0896728c9b93}</UniqueIdentifier>
    </Filter>
    <Filter Include="utils">
      <UniqueIdentifier>{fe4bb653-0364-4114-b13f-1cb11a3fd883}</UniqueIdentifier>
    </Filter>
    <Filter Include="helper">
      <UniqueIdentifier>{ebce1040-5acf-412f-878a-2a6ac2d4b492}</UniqueIdentifier>
    </Filter>
    <Filter Include="renderer\rhi">
      <UniqueIdentifier>{804ea12d-9833-4ca4-81b0-5949f085ae4b}</UniqueIdentifier>
    </Filter>
    <Filter Include="renderer\rhi\d3d11">
      <UniqueIdentifier>{4700f898-3ca9-45f9-8e84-375e84855299}</UniqueIdentifier>
    </Filter>
    <Filter Include="resource">
      <UniqueIdentifier>{807e886c-a71a-42ec-bdcb-bbee389f4ea8}</UniqueIdentifier>
    </Filter>
    <Filter Include="resource\importer">
      <UniqueIdentifier>{58001ee6-99dc-456b-b56a-6f803a557fda}</UniqueIdentifier>
    </Filter>
    <Filter Include="scripts">
      <UniqueIdentifier>{bda65b4b-b51e-4eb6-aaa6-764b457d2ed2}</UniqueIdentifier>
    </Filter>
    <Filter Include="gui">
      <UniqueIdentifier>{289f993e-822d-49f7-b59f-511fe9b2fc6c}</UniqueIdentifier>
    </Filter>
    <Filter Include="system">
      <UniqueIdentifier>{001fdb9e-f2f6-43b6-beed-06ca29094e09}</UniqueIdentifier>
    </Filter>
    <Filter Include="system\component">
      <UniqueIdentifier>{4f8d85c3-1f5e-4e1c-95eb-16f9a7960f52}</UniqueIdentifier>
    </Filter>
    <Filter Include="system\systems">
      <UniqueIdentifier>{fac0c28b-8333-46a1-8f10-9a623abc1d1b}</UniqueIdentifier>
    </Filter>
    <Filter Include="scripts\binder">
      <UniqueIdentifier>{4662fa22-88b1-4c96-8480-2d829b5c4d1f}</UniqueIdentifier>
    </Filter>
    <Filter Include="scripts\lua">
      <UniqueIdentifier>{f255507f-089f-4c6f-8bb2-704143db939f}</UniqueIdentifier>
    </Filter>
    <Filter Include="scripts\api">
      <UniqueIdentifier>{d8003627-7d0e-42bd-a16a-08332589c07c}</UniqueIdentifier>
    </Filter>
    <Filter Include="gui\widgets">
      <UniqueIdentifier>{1acc2562-54cc-4735-b9e0-6b825389cab9}</UniqueIdentifier>
    </Filter>
    <Filter Include="input">
      <UniqueIdentifier>{00e7fb44-e761-460f-9b71-649a19a15b07}</UniqueIdentifier>
    </Filter>
    <Filter Include="renderer\paths">
      <UniqueIdentifier>{85d86095-fd43-455c-829c-50f748036545}</UniqueIdentifier>
    </Filter>
    <Filter Include="generates">
      <UniqueIdentifier>{95837ed7-6ef3-4928-afec-2cf455dcd6b3}</UniqueIdentifier>
    </Filter>
  </ItemGroup>
  <ItemGroup>
    <ClCompile Include="engine.cpp" />
    <ClCompile Include="helper\logger.cpp">
      <Filter>helper</Filter>
    </ClCompile>
    <ClCompile Include="helper\debug.cpp">
      <Filter>helper</Filter>
    </ClCompile>
    <ClCompile Include="helper\stringID.cpp">
      <Filter>helper</Filter>
    </ClCompile>
    <ClCompile Include="core\gameComponent.cpp">
      <Filter>core</Filter>
    </ClCompile>
    <ClCompile Include="helper\profiler.cpp">
      <Filter>helper</Filter>
    </ClCompile>
    <ClCompile Include="helper\systemTime.cpp">
      <Filter>helper</Filter>
    </ClCompile>
    <ClCompile Include="helper\timer.cpp">
      <Filter>helper</Filter>
    </ClCompile>
    <ClCompile Include="helper\IDGenerator.cpp">
      <Filter>helper</Filter>
    </ClCompile>
    <ClCompile Include="renderer\renderer.cpp">
      <Filter>renderer</Filter>
    </ClCompile>
    <ClCompile Include="renderer\RHI\device.cpp">
      <Filter>renderer\rhi</Filter>
    </ClCompile>
    <ClCompile Include="renderer\RHI\pipelineD3D11.cpp">
      <Filter>renderer\rhi\d3d11</Filter>
    </ClCompile>
    <ClCompile Include="renderer\RHI\swapChainD3D11.cpp">
      <Filter>renderer\rhi\d3d11</Filter>
    </ClCompile>
    <ClCompile Include="renderer\shaderLib.cpp">
      <Filter>renderer</Filter>
    </ClCompile>
    <ClCompile Include="renderer\stateManager.cpp">
      <Filter>renderer</Filter>
    </ClCompile>
    <ClCompile Include="core\threadSafeSystem.cpp">
      <Filter>core</Filter>
    </ClCompile>
    <ClCompile Include="resource\resourceManager.cpp">
      <Filter>resource</Filter>
    </ClCompile>
    <ClCompile Include="resource\resource.cpp">
      <Filter>resource</Filter>
    </ClCompile>
    <ClCompile Include="helper\fileSystem.cpp">
      <Filter>helper</Filter>
    </ClCompile>
    <ClCompile Include="core\eventSystem.cpp">
      <Filter>core</Filter>
    </ClCompile>
    <ClCompile Include="core\jobSystem.cpp">
      <Filter>core</Filter>
    </ClCompile>
    <ClCompile Include="renderer\RHI\deviceD3D11.cpp">
      <Filter>renderer\rhi\d3d11</Filter>
    </ClCompile>
    <ClCompile Include="renderer\RHI\rhiFactory.cpp">
      <Filter>renderer\rhi</Filter>
    </ClCompile>
    <ClCompile Include="utils\intersectable.cpp">
      <Filter>utils</Filter>
    </ClCompile>
    <ClCompile Include="renderer\rendererUtils.cpp">
      <Filter>renderer</Filter>
    </ClCompile>
    <ClCompile Include="resource\modelImporter\modelImporterObj.cpp">
      <Filter>resource\importer</Filter>
    </ClCompile>
    <ClCompile Include="helper\random.cpp">
      <Filter>helper</Filter>
    </ClCompile>
    <ClCompile Include="renderer\RHI\rhiResource.cpp">
      <Filter>renderer\rhi</Filter>
    </ClCompile>
    <ClCompile Include="scripts\luaContext.cpp">
      <Filter>scripts</Filter>
    </ClCompile>
    <ClCompile Include="scripts\lua\lapi.c">
      <Filter>scripts\lua</Filter>
    </ClCompile>
    <ClCompile Include="scripts\lua\lauxlib.c">
      <Filter>scripts\lua</Filter>
    </ClCompile>
    <ClCompile Include="scripts\lua\lbaselib.c">
      <Filter>scripts\lua</Filter>
    </ClCompile>
    <ClCompile Include="scripts\lua\lbitlib.c">
      <Filter>scripts\lua</Filter>
    </ClCompile>
    <ClCompile Include="scripts\lua\lcode.c">
      <Filter>scripts\lua</Filter>
    </ClCompile>
    <ClCompile Include="scripts\lua\lcorolib.c">
      <Filter>scripts\lua</Filter>
    </ClCompile>
    <ClCompile Include="scripts\lua\lctype.c">
      <Filter>scripts\lua</Filter>
    </ClCompile>
    <ClCompile Include="scripts\lua\ldblib.c">
      <Filter>scripts\lua</Filter>
    </ClCompile>
    <ClCompile Include="scripts\lua\ldebug.c">
      <Filter>scripts\lua</Filter>
    </ClCompile>
    <ClCompile Include="scripts\lua\ldo.c">
      <Filter>scripts\lua</Filter>
    </ClCompile>
    <ClCompile Include="scripts\lua\ldump.c">
      <Filter>scripts\lua</Filter>
    </ClCompile>
    <ClCompile Include="scripts\lua\lfunc.c">
      <Filter>scripts\lua</Filter>
    </ClCompile>
    <ClCompile Include="scripts\lua\lgc.c">
      <Filter>scripts\lua</Filter>
    </ClCompile>
    <ClCompile Include="scripts\lua\linit.c">
      <Filter>scripts\lua</Filter>
    </ClCompile>
    <ClCompile Include="scripts\lua\liolib.c">
      <Filter>scripts\lua</Filter>
    </ClCompile>
    <ClCompile Include="scripts\lua\llex.c">
      <Filter>scripts\lua</Filter>
    </ClCompile>
    <ClCompile Include="scripts\lua\lmathlib.c">
      <Filter>scripts\lua</Filter>
    </ClCompile>
    <ClCompile Include="scripts\lua\lmem.c">
      <Filter>scripts\lua</Filter>
    </ClCompile>
    <ClCompile Include="scripts\lua\loadlib.c">
      <Filter>scripts\lua</Filter>
    </ClCompile>
    <ClCompile Include="scripts\lua\lobject.c">
      <Filter>scripts\lua</Filter>
    </ClCompile>
    <ClCompile Include="scripts\lua\lopcodes.c">
      <Filter>scripts\lua</Filter>
    </ClCompile>
    <ClCompile Include="scripts\lua\loslib.c">
      <Filter>scripts\lua</Filter>
    </ClCompile>
    <ClCompile Include="scripts\lua\lparser.c">
      <Filter>scripts\lua</Filter>
    </ClCompile>
    <ClCompile Include="scripts\lua\lstate.c">
      <Filter>scripts\lua</Filter>
    </ClCompile>
    <ClCompile Include="scripts\lua\lstring.c">
      <Filter>scripts\lua</Filter>
    </ClCompile>
    <ClCompile Include="scripts\lua\lstrlib.c">
      <Filter>scripts\lua</Filter>
    </ClCompile>
    <ClCompile Include="scripts\lua\ltable.c">
      <Filter>scripts\lua</Filter>
    </ClCompile>
    <ClCompile Include="scripts\lua\ltablib.c">
      <Filter>scripts\lua</Filter>
    </ClCompile>
    <ClCompile Include="scripts\lua\ltm.c">
      <Filter>scripts\lua</Filter>
    </ClCompile>
    <ClCompile Include="scripts\lua\lua.c">
      <Filter>scripts\lua</Filter>
    </ClCompile>
    <ClCompile Include="scripts\lua\luac.c">
      <Filter>scripts\lua</Filter>
    </ClCompile>
    <ClCompile Include="scripts\lua\lundump.c">
      <Filter>scripts\lua</Filter>
    </ClCompile>
    <ClCompile Include="scripts\lua\lutf8lib.c">
      <Filter>scripts\lua</Filter>
    </ClCompile>
    <ClCompile Include="scripts\lua\lvm.c">
      <Filter>scripts\lua</Filter>
    </ClCompile>
    <ClCompile Include="scripts\lua\lzio.c">
      <Filter>scripts\lua</Filter>
    </ClCompile>
    <ClCompile Include="system\component\camera.cpp">
      <Filter>system\component</Filter>
    </ClCompile>
    <ClCompile Include="system\component\component.cpp">
      <Filter>system\component</Filter>
    </ClCompile>
    <ClCompile Include="system\component\material.cpp">
      <Filter>system\component</Filter>
    </ClCompile>
    <ClCompile Include="system\component\mesh.cpp">
      <Filter>system\component</Filter>
    </ClCompile>
    <ClCompile Include="system\component\transform.cpp">
      <Filter>system\component</Filter>
    </ClCompile>
    <ClCompile Include="system\sceneSystem.cpp">
      <Filter>system</Filter>
    </ClCompile>
    <ClCompile Include="system\sceneObjectSystem.cpp">
      <Filter>system\systems</Filter>
    </ClCompile>
    <ClCompile Include="system\sceneTransformSystem.cpp">
      <Filter>system\systems</Filter>
    </ClCompile>
    <ClCompile Include="scripts\luaBinder.cpp">
      <Filter>scripts\binder</Filter>
    </ClCompile>
    <ClCompile Include="scripts\luaException.cpp">
      <Filter>scripts\binder</Filter>
    </ClCompile>
    <ClCompile Include="scripts\luaObject.cpp">
      <Filter>scripts\binder</Filter>
    </ClCompile>
    <ClCompile Include="scripts\luaTools.cpp">
      <Filter>scripts\binder</Filter>
    </ClCompile>
    <ClCompile Include="scripts\api\luaApi.cpp">
      <Filter>scripts\api</Filter>
    </ClCompile>
    <ClCompile Include="gui\gui.cpp">
      <Filter>gui</Filter>
    </ClCompile>
    <ClCompile Include="gui\mainStage.cpp">
      <Filter>gui</Filter>
    </ClCompile>
    <ClCompile Include="input\InputSystem.cpp">
      <Filter>input</Filter>
    </ClCompile>
    <ClCompile Include="input\directInput.cpp">
      <Filter>input</Filter>
    </ClCompile>
    <ClCompile Include="scripts\luaRef.cpp">
      <Filter>scripts\binder</Filter>
    </ClCompile>
    <ClCompile Include="scripts\luaBinder_impl.cpp">
      <Filter>scripts\binder</Filter>
    </ClCompile>
    <ClCompile Include="renderer\paths\renderImage.cpp">
      <Filter>renderer\paths</Filter>
    </ClCompile>
    <ClCompile Include="renderer\paths\renderPath.cpp">
      <Filter>renderer\paths</Filter>
    </ClCompile>
    <ClCompile Include="renderer\paths\renderPath_forward.cpp">
      <Filter>renderer\paths</Filter>
    </ClCompile>
    <ClCompile Include="renderer\paths\renderPath2D.cpp">
      <Filter>renderer\paths</Filter>
    </ClCompile>
    <ClCompile Include="renderer\paths\renderPath3D.cpp">
      <Filter>renderer\paths</Filter>
    </ClCompile>
    <ClCompile Include="renderer\pipelineStateInfoManager.cpp">
      <Filter>renderer</Filter>
    </ClCompile>
    <ClCompile Include="scripts\api\systemApi.cpp">
      <Filter>scripts\api</Filter>
    </ClCompile>
    <ClCompile Include="generates\luabind_registers.cpp">
      <Filter>generates</Filter>
    </ClCompile>
    <ClCompile Include="scripts\api\rendererApi.cpp">
      <Filter>scripts\api</Filter>
    </ClCompile>
    <ClCompile Include="scripts\api\vectorApi.cpp">
      <Filter>scripts\api</Filter>
    </ClCompile>
    <ClCompile Include="scripts\api\matrixApi.cpp">
      <Filter>scripts\api</Filter>
    </ClCompile>
    <ClCompile Include="renderer\renderer2D.cpp">
      <Filter>renderer</Filter>
    </ClCompile>
  </ItemGroup>
  <ItemGroup>
    <ClInclude Include="engine.h" />
    <ClInclude Include="common\common.h">
      <Filter>common</Filter>
    </ClInclude>
    <ClInclude Include="core\gameComponent.h">
      <Filter>core</Filter>
    </ClInclude>
    <ClInclude Include="renderer\renderableCommon.h">
      <Filter>renderer</Filter>
    </ClInclude>
    <ClInclude Include="renderer\renderer.h">
      <Filter>renderer</Filter>
    </ClInclude>
    <ClInclude Include="utils\array.h">
      <Filter>utils</Filter>
    </ClInclude>
    <ClInclude Include="utils\math.h">
      <Filter>utils</Filter>
    </ClInclude>
    <ClInclude Include="helper\logger.h">
      <Filter>helper</Filter>
    </ClInclude>
    <ClInclude Include="helper\debug.h">
      <Filter>helper</Filter>
    </ClInclude>
    <ClInclude Include="helper\stringID.h">
      <Filter>helper</Filter>
    </ClInclude>
    <ClInclude Include="helper\profiler.h">
      <Filter>helper</Filter>
    </ClInclude>
    <ClInclude Include="helper\systemTime.h">
      <Filter>helper</Filter>
    </ClInclude>
    <ClInclude Include="helper\timer.h">
      <Filter>helper</Filter>
    </ClInclude>
    <ClInclude Include="helper\IDGenerator.h">
      <Filter>helper</Filter>
    </ClInclude>
    <ClInclude Include="common\about.h">
      <Filter>common</Filter>
    </ClInclude>
    <ClInclude Include="renderer\RHI\device.h">
      <Filter>renderer\rhi</Filter>
    </ClInclude>
    <ClInclude Include="renderer\RHI\pipelineD3D11.h">
      <Filter>renderer\rhi\d3d11</Filter>
    </ClInclude>
    <ClInclude Include="renderer\RHI\rhiDefinition.h">
      <Filter>renderer\rhi</Filter>
    </ClInclude>
    <ClInclude Include="renderer\RHI\swapChainD3D11.h">
      <Filter>renderer\rhi\d3d11</Filter>
    </ClInclude>
    <ClInclude Include="renderer\RHI\rhiStructure.h">
      <Filter>renderer\rhi</Filter>
    </ClInclude>
    <ClInclude Include="renderer\shaderLib.h">
      <Filter>renderer</Filter>
    </ClInclude>
    <ClInclude Include="renderer\stateManager.h">
      <Filter>renderer</Filter>
    </ClInclude>
    <ClInclude Include="renderer\RHI\rhiResource.h">
      <Filter>renderer\rhi</Filter>
    </ClInclude>
    <ClInclude Include="core\threadSafeSystem.h">
      <Filter>core</Filter>
    </ClInclude>
    <ClInclude Include="resource\resource.h">
      <Filter>resource</Filter>
    </ClInclude>
    <ClInclude Include="resource\resourceManager.h">
      <Filter>resource</Filter>
    </ClInclude>
    <ClInclude Include="resource\resourcePool.hpp">
      <Filter>resource</Filter>
    </ClInclude>
    <ClInclude Include="renderer\RHI\rhiShader.h">
      <Filter>renderer\rhi</Filter>
    </ClInclude>
    <ClInclude Include="helper\fileSystem.h">
      <Filter>helper</Filter>
    </ClInclude>
    <ClInclude Include="resource\modelImporter.h">
      <Filter>resource\importer</Filter>
    </ClInclude>
    <ClInclude Include="utils\geometry.h">
      <Filter>utils</Filter>
    </ClInclude>
    <ClInclude Include="core\eventSystem.h">
      <Filter>core</Filter>
    </ClInclude>
    <ClInclude Include="helper\variant.h">
      <Filter>helper</Filter>
    </ClInclude>
    <ClInclude Include="core\systemContext.hpp">
      <Filter>core</Filter>
    </ClInclude>
    <ClInclude Include="core\subSystem.hpp">
      <Filter>core</Filter>
    </ClInclude>
    <ClInclude Include="core\jobSystem.h">
      <Filter>core</Filter>
    </ClInclude>
    <ClInclude Include="utils\threadSafeBuffer.h">
      <Filter>utils</Filter>
    </ClInclude>
    <ClInclude Include="renderer\includeD3D11.h">
      <Filter>renderer\rhi\d3d11</Filter>
    </ClInclude>
    <ClInclude Include="renderer\RHI\deviceD3D11.h">
      <Filter>renderer\rhi\d3d11</Filter>
    </ClInclude>
    <ClInclude Include="renderer\RHI\rhiFactory.h">
      <Filter>renderer\rhi</Filter>
    </ClInclude>
    <ClInclude Include="core\eventDefine.h">
      <Filter>core</Filter>
    </ClInclude>
    <ClInclude Include="utils\intersectable.h">
      <Filter>utils</Filter>
    </ClInclude>
    <ClInclude Include="utils\stb_image.h">
      <Filter>utils</Filter>
    </ClInclude>
    <ClInclude Include="utils\stb_truetype.h">
      <Filter>utils</Filter>
    </ClInclude>
    <ClInclude Include="renderer\rendererUtils.h">
      <Filter>renderer</Filter>
    </ClInclude>
    <ClInclude Include="utils\allocator.h">
      <Filter>utils</Filter>
    </ClInclude>
    <ClInclude Include="renderer\mappingDefine.h">
      <Filter>renderer</Filter>
    </ClInclude>
    <ClInclude Include="helper\helper.h">
      <Filter>helper</Filter>
    </ClInclude>
    <ClInclude Include="helper\random.h">
      <Filter>helper</Filter>
    </ClInclude>
    <ClInclude Include="utils\tinyObjLoader.h">
      <Filter>utils</Filter>
    </ClInclude>
    <ClInclude Include="scripts\luaContext.h">
      <Filter>scripts</Filter>
    </ClInclude>
    <ClInclude Include="scripts\lua\lapi.h">
      <Filter>scripts\lua</Filter>
    </ClInclude>
    <ClInclude Include="scripts\lua\lauxlib.h">
      <Filter>scripts\lua</Filter>
    </ClInclude>
    <ClInclude Include="scripts\lua\lcode.h">
      <Filter>scripts\lua</Filter>
    </ClInclude>
    <ClInclude Include="scripts\lua\lctype.h">
      <Filter>scripts\lua</Filter>
    </ClInclude>
    <ClInclude Include="scripts\lua\ldebug.h">
      <Filter>scripts\lua</Filter>
    </ClInclude>
    <ClInclude Include="scripts\lua\ldo.h">
      <Filter>scripts\lua</Filter>
    </ClInclude>
    <ClInclude Include="scripts\lua\lfunc.h">
      <Filter>scripts\lua</Filter>
    </ClInclude>
    <ClInclude Include="scripts\lua\lgc.h">
      <Filter>scripts\lua</Filter>
    </ClInclude>
    <ClInclude Include="scripts\lua\llex.h">
      <Filter>scripts\lua</Filter>
    </ClInclude>
    <ClInclude Include="scripts\lua\llimits.h">
      <Filter>scripts\lua</Filter>
    </ClInclude>
    <ClInclude Include="scripts\lua\lmem.h">
      <Filter>scripts\lua</Filter>
    </ClInclude>
    <ClInclude Include="scripts\lua\lobject.h">
      <Filter>scripts\lua</Filter>
    </ClInclude>
    <ClInclude Include="scripts\lua\lopcodes.h">
      <Filter>scripts\lua</Filter>
    </ClInclude>
    <ClInclude Include="scripts\lua\lparser.h">
      <Filter>scripts\lua</Filter>
    </ClInclude>
    <ClInclude Include="scripts\lua\lprefix.h">
      <Filter>scripts\lua</Filter>
    </ClInclude>
    <ClInclude Include="scripts\lua\lstate.h">
      <Filter>scripts\lua</Filter>
    </ClInclude>
    <ClInclude Include="scripts\lua\lstring.h">
      <Filter>scripts\lua</Filter>
    </ClInclude>
    <ClInclude Include="scripts\lua\ltable.h">
      <Filter>scripts\lua</Filter>
    </ClInclude>
    <ClInclude Include="scripts\lua\ltm.h">
      <Filter>scripts\lua</Filter>
    </ClInclude>
    <ClInclude Include="scripts\lua\lua.h">
      <Filter>scripts\lua</Filter>
    </ClInclude>
    <ClInclude Include="scripts\lua\lua.hpp">
      <Filter>scripts\lua</Filter>
    </ClInclude>
    <ClInclude Include="scripts\lua\luaconf.h">
      <Filter>scripts\lua</Filter>
    </ClInclude>
    <ClInclude Include="scripts\lua\lualib.h">
      <Filter>scripts\lua</Filter>
    </ClInclude>
    <ClInclude Include="scripts\lua\lundump.h">
      <Filter>scripts\lua</Filter>
    </ClInclude>
    <ClInclude Include="scripts\lua\lvm.h">
      <Filter>scripts\lua</Filter>
    </ClInclude>
    <ClInclude Include="scripts\lua\lzio.h">
      <Filter>scripts\lua</Filter>
    </ClInclude>
    <ClInclude Include="note.h" />
    <ClInclude Include="system\component\camera.h">
      <Filter>system\component</Filter>
    </ClInclude>
    <ClInclude Include="system\component\component.h">
      <Filter>system\component</Filter>
    </ClInclude>
    <ClInclude Include="system\component\componentInclude.h">
      <Filter>system\component</Filter>
    </ClInclude>
    <ClInclude Include="system\component\material.h">
      <Filter>system\component</Filter>
    </ClInclude>
    <ClInclude Include="system\component\mesh.h">
      <Filter>system\component</Filter>
    </ClInclude>
    <ClInclude Include="system\component\object.h">
      <Filter>system\component</Filter>
    </ClInclude>
    <ClInclude Include="system\component\transform.h">
      <Filter>system\component</Filter>
    </ClInclude>
    <ClInclude Include="system\ecsSystem.h">
      <Filter>system</Filter>
    </ClInclude>
    <ClInclude Include="system\sceneSystem.h">
      <Filter>system</Filter>
    </ClInclude>
    <ClInclude Include="scripts\luaArg.h">
      <Filter>scripts\binder</Filter>
    </ClInclude>
    <ClInclude Include="scripts\luaBinder.h">
      <Filter>scripts\binder</Filter>
    </ClInclude>
    <ClInclude Include="scripts\luaBinder_impl.h">
      <Filter>scripts\binder</Filter>
    </ClInclude>
    <ClInclude Include="scripts\luaCommon.h">
      <Filter>scripts\binder</Filter>
    </ClInclude>
    <ClInclude Include="scripts\luaException.h">
      <Filter>scripts\binder</Filter>
    </ClInclude>
    <ClInclude Include="scripts\luaInvoke.h">
      <Filter>scripts\binder</Filter>
    </ClInclude>
    <ClInclude Include="scripts\luaObject.h">
      <Filter>scripts\binder</Filter>
    </ClInclude>
    <ClInclude Include="scripts\luaRef.h">
      <Filter>scripts\binder</Filter>
    </ClInclude>
    <ClInclude Include="scripts\luaTools.h">
      <Filter>scripts\binder</Filter>
    </ClInclude>
    <ClInclude Include="scripts\luaTypeMapping.h">
      <Filter>scripts\binder</Filter>
    </ClInclude>
    <ClInclude Include="scripts\api\luaApi.h">
      <Filter>scripts\api</Filter>
    </ClInclude>
    <ClInclude Include="gui\gui.h">
      <Filter>gui</Filter>
    </ClInclude>
    <ClInclude Include="gui\mainStage.h">
      <Filter>gui</Filter>
    </ClInclude>
    <ClInclude Include="input\InputSystem.h">
      <Filter>input</Filter>
    </ClInclude>
    <ClInclude Include="input\directInput.h">
      <Filter>input</Filter>
    </ClInclude>
    <ClInclude Include="helper\enumInfo.h">
      <Filter>helper</Filter>
    </ClInclude>
    <ClInclude Include="renderer\paths\renderPath.h">
      <Filter>renderer\paths</Filter>
    </ClInclude>
    <ClInclude Include="renderer\paths\renderImage.h">
      <Filter>renderer\paths</Filter>
    </ClInclude>
    <ClInclude Include="renderer\paths\renderPath_forward.h">
      <Filter>renderer\paths</Filter>
    </ClInclude>
    <ClInclude Include="renderer\paths\renderPath2D.h">
      <Filter>renderer\paths</Filter>
    </ClInclude>
    <ClInclude Include="renderer\paths\renderPath3D.h">
      <Filter>renderer\paths</Filter>
    </ClInclude>
    <ClInclude Include="renderer\pipelineStateInfoManager.h">
      <Filter>renderer</Filter>
    </ClInclude>
    <ClInclude Include="scripts\api\vectorApi.h">
      <Filter>scripts\api</Filter>
    </ClInclude>
    <ClInclude Include="scripts\api\matrixApi.h">
      <Filter>scripts\api</Filter>
    </ClInclude>
    <ClInclude Include="renderer\renderer2D.h">
      <Filter>renderer</Filter>
    </ClInclude>
  </ItemGroup>
  <ItemGroup>
    <None Include="resource\resourceManager.inl">
      <Filter>resource</Filter>
    </None>
    <None Include="system\sceneSystem.inl">
      <Filter>system</Filter>
    </None>
    <None Include="scripts\luaContext.inl">
      <Filter>scripts</Filter>
    </None>
    <None Include="helper\enumInfo.inl">
      <Filter>helper</Filter>
    </None>
    <None Include="precompile.bat" />
  </ItemGroup>
</Project>